// !$*UTF8*$!
{
	archiveVersion = 1;
	classes = {
	};
	objectVersion = 46;
	objects = {

/* Begin PBXBuildFile section */
		D401E2891DF6AD50001F63B2 /* DefaultHeadImg@2x.png in Resources */ = {isa = PBXBuildFile; fileRef = D401E2881DF6AD50001F63B2 /* DefaultHeadImg@2x.png */; };
		D41C23341DAE66CC00699CE7 /* YYEAnimatorPush.m in Sources */ = {isa = PBXBuildFile; fileRef = D41C23331DAE66CC00699CE7 /* YYEAnimatorPush.m */; };
		D42D7A6A1DD33182009097A6 /* searchIcon2@2x.png in Resources */ = {isa = PBXBuildFile; fileRef = D42D7A691DD33182009097A6 /* searchIcon2@2x.png */; };
		D437ACFB1DC5E5D10024513A /* TestHeadImg@2x.JPG in Resources */ = {isa = PBXBuildFile; fileRef = D437ACFA1DC5E5D10024513A /* TestHeadImg@2x.JPG */; };
		D446449B1DC761630050433E /* STConst.m in Sources */ = {isa = PBXBuildFile; fileRef = D446448F1DC761630050433E /* STConst.m */; };
		D446449C1DC761630050433E /* STUI.m in Sources */ = {isa = PBXBuildFile; fileRef = D44644911DC761630050433E /* STUI.m */; };
		D446449D1DC761630050433E /* UIImage+ST.m in Sources */ = {isa = PBXBuildFile; fileRef = D44644931DC761630050433E /* UIImage+ST.m */; };
		D446449E1DC761630050433E /* UIView+ST.m in Sources */ = {isa = PBXBuildFile; fileRef = D44644951DC761630050433E /* UIView+ST.m */; };
		D446449F1DC761630050433E /* STPhotoKitController.m in Sources */ = {isa = PBXBuildFile; fileRef = D44644981DC761630050433E /* STPhotoKitController.m */; };
		D44644A01DC761630050433E /* UIImagePickerController+ST.m in Sources */ = {isa = PBXBuildFile; fileRef = D446449A1DC761630050433E /* UIImagePickerController+ST.m */; };
		D45A7DC91DA13DA6001F19A1 /* LoginHelper.m in Sources */ = {isa = PBXBuildFile; fileRef = D45A7DC81DA13DA6001F19A1 /* LoginHelper.m */; };
		D45C28FF1D90EE45005C2B9A /* main.m in Sources */ = {isa = PBXBuildFile; fileRef = D45C28FE1D90EE45005C2B9A /* main.m */; };
		D45C29021D90EE45005C2B9A /* AppDelegate.m in Sources */ = {isa = PBXBuildFile; fileRef = D45C29011D90EE45005C2B9A /* AppDelegate.m */; };
		D45C29051D90EE45005C2B9A /* ViewController.m in Sources */ = {isa = PBXBuildFile; fileRef = D45C29041D90EE45005C2B9A /* ViewController.m */; };
		D45C29081D90EE45005C2B9A /* Main.storyboard in Resources */ = {isa = PBXBuildFile; fileRef = D45C29061D90EE45005C2B9A /* Main.storyboard */; };
		D45C290B1D90EE45005C2B9A /* WiiChat_2_2.xcdatamodeld in Sources */ = {isa = PBXBuildFile; fileRef = D45C29091D90EE45005C2B9A /* WiiChat_2_2.xcdatamodeld */; };
		D45C290D1D90EE45005C2B9A /* Assets.xcassets in Resources */ = {isa = PBXBuildFile; fileRef = D45C290C1D90EE45005C2B9A /* Assets.xcassets */; };
		D45C29101D90EE45005C2B9A /* LaunchScreen.storyboard in Resources */ = {isa = PBXBuildFile; fileRef = D45C290E1D90EE45005C2B9A /* LaunchScreen.storyboard */; };
		D45C291B1D90EE45005C2B9A /* WiiChat_2_2Tests.m in Sources */ = {isa = PBXBuildFile; fileRef = D45C291A1D90EE45005C2B9A /* WiiChat_2_2Tests.m */; };
		D45C29261D90EE45005C2B9A /* WiiChat_2_2UITests.m in Sources */ = {isa = PBXBuildFile; fileRef = D45C29251D90EE45005C2B9A /* WiiChat_2_2UITests.m */; };
		D45C29381D90EF28005C2B9A /* WiiChatSingletonClass.m in Sources */ = {isa = PBXBuildFile; fileRef = D45C29371D90EF28005C2B9A /* WiiChatSingletonClass.m */; };
		D45C29471D90F3A2005C2B9A /* WCBaseViewController.m in Sources */ = {isa = PBXBuildFile; fileRef = D45C29461D90F3A2005C2B9A /* WCBaseViewController.m */; };
		D45C294A1D912576005C2B9A /* LoginViewController.m in Sources */ = {isa = PBXBuildFile; fileRef = D45C29491D912576005C2B9A /* LoginViewController.m */; };
		D46A333C1D93EDC40075E358 /* Login.storyboard in Resources */ = {isa = PBXBuildFile; fileRef = D46A333B1D93EDC40075E358 /* Login.storyboard */; };
		D47EA7001DEC3EEF00F949B0 /* GroupChat@2x.png in Resources */ = {isa = PBXBuildFile; fileRef = D47EA6FC1DEC3EEF00F949B0 /* GroupChat@2x.png */; };
		D47EA7011DEC3EEF00F949B0 /* NewFriend@2x.png in Resources */ = {isa = PBXBuildFile; fileRef = D47EA6FD1DEC3EEF00F949B0 /* NewFriend@2x.png */; };
		D47EA7021DEC3EEF00F949B0 /* PublicAccount@2x.png in Resources */ = {isa = PBXBuildFile; fileRef = D47EA6FE1DEC3EEF00F949B0 /* PublicAccount@2x.png */; };
		D47EA7031DEC3EEF00F949B0 /* Stamp@2x.png in Resources */ = {isa = PBXBuildFile; fileRef = D47EA6FF1DEC3EEF00F949B0 /* Stamp@2x.png */; };
		D47EA7061DEC40A500F949B0 /* WCContactTableViewCell.m in Sources */ = {isa = PBXBuildFile; fileRef = D47EA7051DEC40A500F949B0 /* WCContactTableViewCell.m */; };
		D4846BA01DAA217200209CDB /* WCProfileTableViewCell.m in Sources */ = {isa = PBXBuildFile; fileRef = D4846B9F1DAA217200209CDB /* WCProfileTableViewCell.m */; };
		D4846BA61DAA27EF00209CDB /* AppleWatch@2x.png in Resources */ = {isa = PBXBuildFile; fileRef = D4846BA51DAA27EF00209CDB /* AppleWatch@2x.png */; };
		D4846BA91DAA53F500209CDB /* WCUserInfoTableViewController.m in Sources */ = {isa = PBXBuildFile; fileRef = D4846BA81DAA53F500209CDB /* WCUserInfoTableViewController.m */; };
		D48AED9D1E4708FF0002D18F /* CountStringLengthHelper.m in Sources */ = {isa = PBXBuildFile; fileRef = D48AED9C1E4708FF0002D18F /* CountStringLengthHelper.m */; };
		D48AEDA31E47135C0002D18F /* ChineseString.m in Sources */ = {isa = PBXBuildFile; fileRef = D48AEDA01E47135C0002D18F /* ChineseString.m */; };
		D48AEDA41E47135C0002D18F /* pinyin.c in Sources */ = {isa = PBXBuildFile; fileRef = D48AEDA11E47135C0002D18F /* pinyin.c */; };
		D48AEDA71E4713C90002D18F /* ErrorInfo.m in Sources */ = {isa = PBXBuildFile; fileRef = D48AEDA61E4713C90002D18F /* ErrorInfo.m */; };
		D48AEDB61E4714450002D18F /* AllUsers.m in Sources */ = {isa = PBXBuildFile; fileRef = D48AEDA91E4714450002D18F /* AllUsers.m */; };
		D48AEDB71E4714450002D18F /* AllUsers+CoreDataProperties.m in Sources */ = {isa = PBXBuildFile; fileRef = D48AEDAB1E4714450002D18F /* AllUsers+CoreDataProperties.m */; };
		D48AEDB81E4714450002D18F /* Contact.m in Sources */ = {isa = PBXBuildFile; fileRef = D48AEDAD1E4714450002D18F /* Contact.m */; };
		D48AEDB91E4714450002D18F /* Contact+CoreDataProperties.m in Sources */ = {isa = PBXBuildFile; fileRef = D48AEDAF1E4714450002D18F /* Contact+CoreDataProperties.m */; };
		D48AEDBA1E4714450002D18F /* User.m in Sources */ = {isa = PBXBuildFile; fileRef = D48AEDB11E4714450002D18F /* User.m */; };
		D48AEDBB1E4714450002D18F /* User+CoreDataProperties.m in Sources */ = {isa = PBXBuildFile; fileRef = D48AEDB31E4714450002D18F /* User+CoreDataProperties.m */; };
		D48AEDBC1E4714450002D18F /* UserSource.m in Sources */ = {isa = PBXBuildFile; fileRef = D48AEDB51E4714450002D18F /* UserSource.m */; };
		D48AEDBF1E47148F0002D18F /* WiiChatCoreDataStackManager.m in Sources */ = {isa = PBXBuildFile; fileRef = D48AEDBE1E47148F0002D18F /* WiiChatCoreDataStackManager.m */; };
		D48AEDC81E47151D0002D18F /* WCContactRootTableViewController.m in Sources */ = {isa = PBXBuildFile; fileRef = D48AEDC11E47151D0002D18F /* WCContactRootTableViewController.m */; };
		D48AEDC91E47151D0002D18F /* WCDiscoverRootTableViewController.m in Sources */ = {isa = PBXBuildFile; fileRef = D48AEDC31E47151D0002D18F /* WCDiscoverRootTableViewController.m */; };
		D48AEDCA1E47151D0002D18F /* WCMessageRootTableViewController.m in Sources */ = {isa = PBXBuildFile; fileRef = D48AEDC51E47151D0002D18F /* WCMessageRootTableViewController.m */; };
		D48AEDCB1E47151D0002D18F /* WCProfileRootTableViewController.m in Sources */ = {isa = PBXBuildFile; fileRef = D48AEDC71E47151D0002D18F /* WCProfileRootTableViewController.m */; };
		D48AEDCE1E4715890002D18F /* UIBaseSettingInfo.m in Sources */ = {isa = PBXBuildFile; fileRef = D48AEDCD1E4715890002D18F /* UIBaseSettingInfo.m */; };
		D49928571DAB417500F6DD90 /* WCEditUserInfoTableViewController.m in Sources */ = {isa = PBXBuildFile; fileRef = D49928561DAB417500F6DD90 /* WCEditUserInfoTableViewController.m */; };
		D49928651DAB4A2200F6DD90 /* LoginBackgroundImg@2x.JPG in Resources */ = {isa = PBXBuildFile; fileRef = D499285C1DAB4A2200F6DD90 /* LoginBackgroundImg@2x.JPG */; };
		D49928661DAB4A2200F6DD90 /* MoreEmotions@2x.png in Resources */ = {isa = PBXBuildFile; fileRef = D499285D1DAB4A2200F6DD90 /* MoreEmotions@2x.png */; };
		D49E9DE81DC3725700D709FA /* YQImageCompressTool.m in Sources */ = {isa = PBXBuildFile; fileRef = D49E9DE51DC3725700D709FA /* YQImageCompressTool.m */; };
		D49E9DE91DC3725700D709FA /* YQImageTool.m in Sources */ = {isa = PBXBuildFile; fileRef = D49E9DE71DC3725700D709FA /* YQImageTool.m */; };
		D4AF93C31DA9166D00675224 /* WCUIStoreManager.m in Sources */ = {isa = PBXBuildFile; fileRef = D4AF93C21DA9166D00675224 /* WCUIStoreManager.m */; };
		D4AF93D41DA91CA000675224 /* MyAlbum@2x.png in Resources */ = {isa = PBXBuildFile; fileRef = D4AF93CF1DA91CA000675224 /* MyAlbum@2x.png */; };
		D4AF93D51DA91CA000675224 /* MyCards@2x.png in Resources */ = {isa = PBXBuildFile; fileRef = D4AF93D01DA91CA000675224 /* MyCards@2x.png */; };
		D4AF93D61DA91CA000675224 /* MyFavorites@2x.png in Resources */ = {isa = PBXBuildFile; fileRef = D4AF93D11DA91CA000675224 /* MyFavorites@2x.png */; };
		D4AF93D71DA91CA000675224 /* MySetting@2x.png in Resources */ = {isa = PBXBuildFile; fileRef = D4AF93D21DA91CA000675224 /* MySetting@2x.png */; };
		D4AF93D91DA91E8200675224 /* MyWallet@2x.png in Resources */ = {isa = PBXBuildFile; fileRef = D4AF93D81DA91E8200675224 /* MyWallet@2x.png */; };
		D4B7FFD41D9556BA004D77B8 /* WCBaseNavigationController.m in Sources */ = {isa = PBXBuildFile; fileRef = D4B7FFD31D9556BA004D77B8 /* WCBaseNavigationController.m */; };
		D4B7FFD71D9557F2004D77B8 /* RegisterViewController.m in Sources */ = {isa = PBXBuildFile; fileRef = D4B7FFD61D9557F2004D77B8 /* RegisterViewController.m */; };
		D4C4B63E1DB106EE00F5D105 /* EditUserInfoHelper.m in Sources */ = {isa = PBXBuildFile; fileRef = D4C4B63D1DB106EE00F5D105 /* EditUserInfoHelper.m */; };
		D4D2DEEE1D9D37F700BCA6F6 /* RegisterHelper.m in Sources */ = {isa = PBXBuildFile; fileRef = D4D2DEED1D9D37F700BCA6F6 /* RegisterHelper.m */; };
		D4D2DEF11D9D3A4700BCA6F6 /* WiiChatSourceData.xcdatamodeld in Sources */ = {isa = PBXBuildFile; fileRef = D4D2DEEF1D9D3A4700BCA6F6 /* WiiChatSourceData.xcdatamodeld */; };
		D4D8EAA21E488E7800743378 /* WCHeadImgScrollVIew.m in Sources */ = {isa = PBXBuildFile; fileRef = D4D8EAA11E488E7800743378 /* WCHeadImgScrollVIew.m */; };
		D4DB484A1DC9F63B002B7665 /* WCAddContactViewController.m in Sources */ = {isa = PBXBuildFile; fileRef = D4DB48491DC9F63B002B7665 /* WCAddContactViewController.m */; };
		D4DB48501DCA00BF002B7665 /* gongzhonghao@2x.png in Resources */ = {isa = PBXBuildFile; fileRef = D4DB484B1DCA00BF002B7665 /* gongzhonghao@2x.png */; };
		D4DB48511DCA00BF002B7665 /* leida@2x.png in Resources */ = {isa = PBXBuildFile; fileRef = D4DB484C1DCA00BF002B7665 /* leida@2x.png */; };
		D4DB48521DCA00BF002B7665 /* mianduimian@2x.png in Resources */ = {isa = PBXBuildFile; fileRef = D4DB484D1DCA00BF002B7665 /* mianduimian@2x.png */; };
		D4DB48531DCA00BF002B7665 /* saoyisao@2x.png in Resources */ = {isa = PBXBuildFile; fileRef = D4DB484E1DCA00BF002B7665 /* saoyisao@2x.png */; };
		D4DB48541DCA00BF002B7665 /* shouji@2x.png in Resources */ = {isa = PBXBuildFile; fileRef = D4DB484F1DCA00BF002B7665 /* shouji@2x.png */; };
		D4E229041D96A18300299CA9 /* SVIndefiniteAnimatedView.m in Sources */ = {isa = PBXBuildFile; fileRef = D4E228F91D96A18300299CA9 /* SVIndefiniteAnimatedView.m */; };
		D4E229051D96A18300299CA9 /* SVProgressAnimatedView.m in Sources */ = {isa = PBXBuildFile; fileRef = D4E228FB1D96A18300299CA9 /* SVProgressAnimatedView.m */; };
		D4E229061D96A18300299CA9 /* SVProgressHUD.bundle in Resources */ = {isa = PBXBuildFile; fileRef = D4E228FD1D96A18300299CA9 /* SVProgressHUD.bundle */; };
		D4E229071D96A18300299CA9 /* SVProgressHUD.m in Sources */ = {isa = PBXBuildFile; fileRef = D4E228FF1D96A18300299CA9 /* SVProgressHUD.m */; };
		D4E229081D96A18300299CA9 /* SVRadialGradientLayer.m in Sources */ = {isa = PBXBuildFile; fileRef = D4E229011D96A18300299CA9 /* SVRadialGradientLayer.m */; };
		D4E229091D96A18300299CA9 /* Info.plist in Resources */ = {isa = PBXBuildFile; fileRef = D4E229031D96A18300299CA9 /* Info.plist */; };
		D4E2290C1D96A19A00299CA9 /* QuartzCore.framework in Frameworks */ = {isa = PBXBuildFile; fileRef = D4E2290B1D96A19A00299CA9 /* QuartzCore.framework */; };
		D4E229101D96A9D800299CA9 /* SmoothCheckBox.m in Sources */ = {isa = PBXBuildFile; fileRef = D4E2290F1D96A9D800299CA9 /* SmoothCheckBox.m */; };
		D4F228241DA2728E005DB421 /* WCBaseTableViewController.m in Sources */ = {isa = PBXBuildFile; fileRef = D4F228231DA2728E005DB421 /* WCBaseTableViewController.m */; };
		D4F2282C1DA2762D005DB421 /* WCFetchResultControllerDataBase.m in Sources */ = {isa = PBXBuildFile; fileRef = D4F2282B1DA2762D005DB421 /* WCFetchResultControllerDataBase.m */; };
		D4F228421DA27F47005DB421 /* WCBaseTabBarViewController.m in Sources */ = {isa = PBXBuildFile; fileRef = D4F228411DA27F47005DB421 /* WCBaseTabBarViewController.m */; };
		D4F228461DA289CE005DB421 /* WCLocalizable.strings in Resources */ = {isa = PBXBuildFile; fileRef = D4F228451DA289CE005DB421 /* WCLocalizable.strings */; };
		D4F270211DDDD12B00330662 /* WCSearchResultTableController.m in Sources */ = {isa = PBXBuildFile; fileRef = D4F270201DDDD12B00330662 /* WCSearchResultTableController.m */; };
		D4FF91B91DD08FB200473CC7 /* searchIcon@2x.png in Resources */ = {isa = PBXBuildFile; fileRef = D4FF91B81DD08FB200473CC7 /* searchIcon@2x.png */; };
		D4FF91BC1DD097FC00473CC7 /* AddContactHelper.m in Sources */ = {isa = PBXBuildFile; fileRef = D4FF91BB1DD097FC00473CC7 /* AddContactHelper.m */; };
		D4FF91BF1DD0A25300473CC7 /* WCContactInfoViewController.m in Sources */ = {isa = PBXBuildFile; fileRef = D4FF91BE1DD0A25300473CC7 /* WCContactInfoViewController.m */; };
/* End PBXBuildFile section */

/* Begin PBXContainerItemProxy section */
		D45C29171D90EE45005C2B9A /* PBXContainerItemProxy */ = {
			isa = PBXContainerItemProxy;
			containerPortal = D45C28F21D90EE45005C2B9A /* Project object */;
			proxyType = 1;
			remoteGlobalIDString = D45C28F91D90EE45005C2B9A;
			remoteInfo = WiiChat_2_2;
		};
		D45C29221D90EE45005C2B9A /* PBXContainerItemProxy */ = {
			isa = PBXContainerItemProxy;
			containerPortal = D45C28F21D90EE45005C2B9A /* Project object */;
			proxyType = 1;
			remoteGlobalIDString = D45C28F91D90EE45005C2B9A;
			remoteInfo = WiiChat_2_2;
		};
/* End PBXContainerItemProxy section */

/* Begin PBXFileReference section */
		D401E2881DF6AD50001F63B2 /* DefaultHeadImg@2x.png */ = {isa = PBXFileReference; lastKnownFileType = image.png; name = "DefaultHeadImg@2x.png"; path = "photos/DefaultHeadImg@2x.png"; sourceTree = SOURCE_ROOT; };
		D41C23321DAE66CC00699CE7 /* YYEAnimatorPush.h */ = {isa = PBXFileReference; fileEncoding = 4; lastKnownFileType = sourcecode.c.h; name = YYEAnimatorPush.h; path = "../../../../../../Downloads/presentViewController--pushViewController-master/presente模拟push/YYEAnimatorPush.h"; sourceTree = "<group>"; };
		D41C23331DAE66CC00699CE7 /* YYEAnimatorPush.m */ = {isa = PBXFileReference; fileEncoding = 4; lastKnownFileType = sourcecode.c.objc; name = YYEAnimatorPush.m; path = "../../../../../../Downloads/presentViewController--pushViewController-master/presente模拟push/YYEAnimatorPush.m"; sourceTree = "<group>"; };
		D42D7A691DD33182009097A6 /* searchIcon2@2x.png */ = {isa = PBXFileReference; lastKnownFileType = image.png; name = "searchIcon2@2x.png"; path = "photos/searchIcon2@2x.png"; sourceTree = SOURCE_ROOT; };
		D42E64311E080604007E1A92 /* WiiChat_iOS-Prefix.pch */ = {isa = PBXFileReference; lastKnownFileType = sourcecode.c.h; path = "WiiChat_iOS-Prefix.pch"; sourceTree = "<group>"; };
		D437ACFA1DC5E5D10024513A /* TestHeadImg@2x.JPG */ = {isa = PBXFileReference; lastKnownFileType = image.jpeg; name = "TestHeadImg@2x.JPG"; path = "photos/TestHeadImg@2x.JPG"; sourceTree = SOURCE_ROOT; };
		D446448D1DC761630050433E /* STConfig.h */ = {isa = PBXFileReference; fileEncoding = 4; lastKnownFileType = sourcecode.c.h; path = STConfig.h; sourceTree = "<group>"; };
		D446448E1DC761630050433E /* STConst.h */ = {isa = PBXFileReference; fileEncoding = 4; lastKnownFileType = sourcecode.c.h; path = STConst.h; sourceTree = "<group>"; };
		D446448F1DC761630050433E /* STConst.m */ = {isa = PBXFileReference; fileEncoding = 4; lastKnownFileType = sourcecode.c.objc; path = STConst.m; sourceTree = "<group>"; };
		D44644901DC761630050433E /* STUI.h */ = {isa = PBXFileReference; fileEncoding = 4; lastKnownFileType = sourcecode.c.h; path = STUI.h; sourceTree = "<group>"; };
		D44644911DC761630050433E /* STUI.m */ = {isa = PBXFileReference; fileEncoding = 4; lastKnownFileType = sourcecode.c.objc; path = STUI.m; sourceTree = "<group>"; };
		D44644921DC761630050433E /* UIImage+ST.h */ = {isa = PBXFileReference; fileEncoding = 4; lastKnownFileType = sourcecode.c.h; path = "UIImage+ST.h"; sourceTree = "<group>"; };
		D44644931DC761630050433E /* UIImage+ST.m */ = {isa = PBXFileReference; fileEncoding = 4; lastKnownFileType = sourcecode.c.objc; path = "UIImage+ST.m"; sourceTree = "<group>"; };
		D44644941DC761630050433E /* UIView+ST.h */ = {isa = PBXFileReference; fileEncoding = 4; lastKnownFileType = sourcecode.c.h; path = "UIView+ST.h"; sourceTree = "<group>"; };
		D44644951DC761630050433E /* UIView+ST.m */ = {isa = PBXFileReference; fileEncoding = 4; lastKnownFileType = sourcecode.c.objc; path = "UIView+ST.m"; sourceTree = "<group>"; };
		D44644971DC761630050433E /* STPhotoKitController.h */ = {isa = PBXFileReference; fileEncoding = 4; lastKnownFileType = sourcecode.c.h; path = STPhotoKitController.h; sourceTree = "<group>"; };
		D44644981DC761630050433E /* STPhotoKitController.m */ = {isa = PBXFileReference; fileEncoding = 4; lastKnownFileType = sourcecode.c.objc; path = STPhotoKitController.m; sourceTree = "<group>"; };
		D44644991DC761630050433E /* UIImagePickerController+ST.h */ = {isa = PBXFileReference; fileEncoding = 4; lastKnownFileType = sourcecode.c.h; path = "UIImagePickerController+ST.h"; sourceTree = "<group>"; };
		D446449A1DC761630050433E /* UIImagePickerController+ST.m */ = {isa = PBXFileReference; fileEncoding = 4; lastKnownFileType = sourcecode.c.objc; path = "UIImagePickerController+ST.m"; sourceTree = "<group>"; };
		D45A7DC71DA13DA6001F19A1 /* LoginHelper.h */ = {isa = PBXFileReference; fileEncoding = 4; lastKnownFileType = sourcecode.c.h; path = LoginHelper.h; sourceTree = "<group>"; };
		D45A7DC81DA13DA6001F19A1 /* LoginHelper.m */ = {isa = PBXFileReference; fileEncoding = 4; lastKnownFileType = sourcecode.c.objc; path = LoginHelper.m; sourceTree = "<group>"; };
		D45C28FA1D90EE45005C2B9A /* WiiChat_2_2.app */ = {isa = PBXFileReference; explicitFileType = wrapper.application; includeInIndex = 0; path = WiiChat_2_2.app; sourceTree = BUILT_PRODUCTS_DIR; };
		D45C28FE1D90EE45005C2B9A /* main.m */ = {isa = PBXFileReference; lastKnownFileType = sourcecode.c.objc; path = main.m; sourceTree = "<group>"; };
		D45C29001D90EE45005C2B9A /* AppDelegate.h */ = {isa = PBXFileReference; lastKnownFileType = sourcecode.c.h; path = AppDelegate.h; sourceTree = "<group>"; };
		D45C29011D90EE45005C2B9A /* AppDelegate.m */ = {isa = PBXFileReference; lastKnownFileType = sourcecode.c.objc; path = AppDelegate.m; sourceTree = "<group>"; };
		D45C29031D90EE45005C2B9A /* ViewController.h */ = {isa = PBXFileReference; lastKnownFileType = sourcecode.c.h; path = ViewController.h; sourceTree = "<group>"; };
		D45C29041D90EE45005C2B9A /* ViewController.m */ = {isa = PBXFileReference; lastKnownFileType = sourcecode.c.objc; path = ViewController.m; sourceTree = "<group>"; };
		D45C29071D90EE45005C2B9A /* Base */ = {isa = PBXFileReference; lastKnownFileType = file.storyboard; name = Base; path = Base.lproj/Main.storyboard; sourceTree = "<group>"; };
		D45C290A1D90EE45005C2B9A /* WiiChat_2_2.xcdatamodel */ = {isa = PBXFileReference; lastKnownFileType = wrapper.xcdatamodel; path = WiiChat_2_2.xcdatamodel; sourceTree = "<group>"; };
		D45C290C1D90EE45005C2B9A /* Assets.xcassets */ = {isa = PBXFileReference; lastKnownFileType = folder.assetcatalog; path = Assets.xcassets; sourceTree = "<group>"; };
		D45C290F1D90EE45005C2B9A /* Base */ = {isa = PBXFileReference; lastKnownFileType = file.storyboard; name = Base; path = Base.lproj/LaunchScreen.storyboard; sourceTree = "<group>"; };
		D45C29111D90EE45005C2B9A /* Info.plist */ = {isa = PBXFileReference; lastKnownFileType = text.plist.xml; path = Info.plist; sourceTree = "<group>"; };
		D45C29161D90EE45005C2B9A /* WiiChat_2_2Tests.xctest */ = {isa = PBXFileReference; explicitFileType = wrapper.cfbundle; includeInIndex = 0; path = WiiChat_2_2Tests.xctest; sourceTree = BUILT_PRODUCTS_DIR; };
		D45C291A1D90EE45005C2B9A /* WiiChat_2_2Tests.m */ = {isa = PBXFileReference; lastKnownFileType = sourcecode.c.objc; path = WiiChat_2_2Tests.m; sourceTree = "<group>"; };
		D45C291C1D90EE45005C2B9A /* Info.plist */ = {isa = PBXFileReference; lastKnownFileType = text.plist.xml; path = Info.plist; sourceTree = "<group>"; };
		D45C29211D90EE45005C2B9A /* WiiChat_2_2UITests.xctest */ = {isa = PBXFileReference; explicitFileType = wrapper.cfbundle; includeInIndex = 0; path = WiiChat_2_2UITests.xctest; sourceTree = BUILT_PRODUCTS_DIR; };
		D45C29251D90EE45005C2B9A /* WiiChat_2_2UITests.m */ = {isa = PBXFileReference; lastKnownFileType = sourcecode.c.objc; path = WiiChat_2_2UITests.m; sourceTree = "<group>"; };
		D45C29271D90EE45005C2B9A /* Info.plist */ = {isa = PBXFileReference; lastKnownFileType = text.plist.xml; path = Info.plist; sourceTree = "<group>"; };
		D45C29361D90EF28005C2B9A /* WiiChatSingletonClass.h */ = {isa = PBXFileReference; fileEncoding = 4; lastKnownFileType = sourcecode.c.h; path = WiiChatSingletonClass.h; sourceTree = "<group>"; };
		D45C29371D90EF28005C2B9A /* WiiChatSingletonClass.m */ = {isa = PBXFileReference; fileEncoding = 4; lastKnownFileType = sourcecode.c.objc; path = WiiChatSingletonClass.m; sourceTree = "<group>"; };
		D45C29451D90F3A2005C2B9A /* WCBaseViewController.h */ = {isa = PBXFileReference; fileEncoding = 4; lastKnownFileType = sourcecode.c.h; path = WCBaseViewController.h; sourceTree = "<group>"; };
		D45C29461D90F3A2005C2B9A /* WCBaseViewController.m */ = {isa = PBXFileReference; fileEncoding = 4; lastKnownFileType = sourcecode.c.objc; path = WCBaseViewController.m; sourceTree = "<group>"; };
		D45C29481D912576005C2B9A /* LoginViewController.h */ = {isa = PBXFileReference; fileEncoding = 4; lastKnownFileType = sourcecode.c.h; path = LoginViewController.h; sourceTree = "<group>"; };
		D45C29491D912576005C2B9A /* LoginViewController.m */ = {isa = PBXFileReference; fileEncoding = 4; lastKnownFileType = sourcecode.c.objc; path = LoginViewController.m; sourceTree = "<group>"; };
		D46A333B1D93EDC40075E358 /* Login.storyboard */ = {isa = PBXFileReference; fileEncoding = 4; lastKnownFileType = file.storyboard; path = Login.storyboard; sourceTree = "<group>"; };
		D47EA6FC1DEC3EEF00F949B0 /* GroupChat@2x.png */ = {isa = PBXFileReference; lastKnownFileType = image.png; name = "GroupChat@2x.png"; path = "photos/GroupChat@2x.png"; sourceTree = SOURCE_ROOT; };
		D47EA6FD1DEC3EEF00F949B0 /* NewFriend@2x.png */ = {isa = PBXFileReference; lastKnownFileType = image.png; name = "NewFriend@2x.png"; path = "photos/NewFriend@2x.png"; sourceTree = SOURCE_ROOT; };
		D47EA6FE1DEC3EEF00F949B0 /* PublicAccount@2x.png */ = {isa = PBXFileReference; lastKnownFileType = image.png; name = "PublicAccount@2x.png"; path = "photos/PublicAccount@2x.png"; sourceTree = SOURCE_ROOT; };
		D47EA6FF1DEC3EEF00F949B0 /* Stamp@2x.png */ = {isa = PBXFileReference; lastKnownFileType = image.png; name = "Stamp@2x.png"; path = "photos/Stamp@2x.png"; sourceTree = SOURCE_ROOT; };
		D47EA7041DEC40A500F949B0 /* WCContactTableViewCell.h */ = {isa = PBXFileReference; fileEncoding = 4; lastKnownFileType = sourcecode.c.h; path = WCContactTableViewCell.h; sourceTree = "<group>"; };
		D47EA7051DEC40A500F949B0 /* WCContactTableViewCell.m */ = {isa = PBXFileReference; fileEncoding = 4; lastKnownFileType = sourcecode.c.objc; path = WCContactTableViewCell.m; sourceTree = "<group>"; };
		D4846B9E1DAA217200209CDB /* WCProfileTableViewCell.h */ = {isa = PBXFileReference; fileEncoding = 4; lastKnownFileType = sourcecode.c.h; path = WCProfileTableViewCell.h; sourceTree = "<group>"; };
		D4846B9F1DAA217200209CDB /* WCProfileTableViewCell.m */ = {isa = PBXFileReference; fileEncoding = 4; lastKnownFileType = sourcecode.c.objc; path = WCProfileTableViewCell.m; sourceTree = "<group>"; };
		D4846BA51DAA27EF00209CDB /* AppleWatch@2x.png */ = {isa = PBXFileReference; lastKnownFileType = image.png; name = "AppleWatch@2x.png"; path = "photos/AppleWatch@2x.png"; sourceTree = SOURCE_ROOT; };
		D4846BA71DAA53F500209CDB /* WCUserInfoTableViewController.h */ = {isa = PBXFileReference; fileEncoding = 4; lastKnownFileType = sourcecode.c.h; path = WCUserInfoTableViewController.h; sourceTree = "<group>"; };
		D4846BA81DAA53F500209CDB /* WCUserInfoTableViewController.m */ = {isa = PBXFileReference; fileEncoding = 4; lastKnownFileType = sourcecode.c.objc; path = WCUserInfoTableViewController.m; sourceTree = "<group>"; };
		D48AED9B1E4708FF0002D18F /* CountStringLengthHelper.h */ = {isa = PBXFileReference; fileEncoding = 4; lastKnownFileType = sourcecode.c.h; path = CountStringLengthHelper.h; sourceTree = "<group>"; };
		D48AED9C1E4708FF0002D18F /* CountStringLengthHelper.m */ = {isa = PBXFileReference; fileEncoding = 4; lastKnownFileType = sourcecode.c.objc; path = CountStringLengthHelper.m; sourceTree = "<group>"; };
		D48AED9F1E47135C0002D18F /* ChineseString.h */ = {isa = PBXFileReference; fileEncoding = 4; lastKnownFileType = sourcecode.c.h; name = ChineseString.h; path = ChineseStringConvert/ChineseString.h; sourceTree = "<group>"; };
		D48AEDA01E47135C0002D18F /* ChineseString.m */ = {isa = PBXFileReference; fileEncoding = 4; lastKnownFileType = sourcecode.c.objc; name = ChineseString.m; path = ChineseStringConvert/ChineseString.m; sourceTree = "<group>"; };
		D48AEDA11E47135C0002D18F /* pinyin.c */ = {isa = PBXFileReference; fileEncoding = 4; lastKnownFileType = sourcecode.c.c; name = pinyin.c; path = ChineseStringConvert/pinyin.c; sourceTree = "<group>"; };
		D48AEDA21E47135C0002D18F /* pinyin.h */ = {isa = PBXFileReference; fileEncoding = 4; lastKnownFileType = sourcecode.c.h; name = pinyin.h; path = ChineseStringConvert/pinyin.h; sourceTree = "<group>"; };
		D48AEDA51E4713C90002D18F /* ErrorInfo.h */ = {isa = PBXFileReference; fileEncoding = 4; lastKnownFileType = sourcecode.c.h; path = ErrorInfo.h; sourceTree = "<group>"; };
		D48AEDA61E4713C90002D18F /* ErrorInfo.m */ = {isa = PBXFileReference; fileEncoding = 4; lastKnownFileType = sourcecode.c.objc; path = ErrorInfo.m; sourceTree = "<group>"; };
		D48AEDA81E4714450002D18F /* AllUsers.h */ = {isa = PBXFileReference; fileEncoding = 4; lastKnownFileType = sourcecode.c.h; name = AllUsers.h; path = CoreDataClass/AllUsers.h; sourceTree = "<group>"; };
		D48AEDA91E4714450002D18F /* AllUsers.m */ = {isa = PBXFileReference; fileEncoding = 4; lastKnownFileType = sourcecode.c.objc; name = AllUsers.m; path = CoreDataClass/AllUsers.m; sourceTree = "<group>"; };
		D48AEDAA1E4714450002D18F /* AllUsers+CoreDataProperties.h */ = {isa = PBXFileReference; fileEncoding = 4; lastKnownFileType = sourcecode.c.h; name = "AllUsers+CoreDataProperties.h"; path = "CoreDataClass/AllUsers+CoreDataProperties.h"; sourceTree = "<group>"; };
		D48AEDAB1E4714450002D18F /* AllUsers+CoreDataProperties.m */ = {isa = PBXFileReference; fileEncoding = 4; lastKnownFileType = sourcecode.c.objc; name = "AllUsers+CoreDataProperties.m"; path = "CoreDataClass/AllUsers+CoreDataProperties.m"; sourceTree = "<group>"; };
		D48AEDAC1E4714450002D18F /* Contact.h */ = {isa = PBXFileReference; fileEncoding = 4; lastKnownFileType = sourcecode.c.h; name = Contact.h; path = CoreDataClass/Contact.h; sourceTree = "<group>"; };
		D48AEDAD1E4714450002D18F /* Contact.m */ = {isa = PBXFileReference; fileEncoding = 4; lastKnownFileType = sourcecode.c.objc; name = Contact.m; path = CoreDataClass/Contact.m; sourceTree = "<group>"; };
		D48AEDAE1E4714450002D18F /* Contact+CoreDataProperties.h */ = {isa = PBXFileReference; fileEncoding = 4; lastKnownFileType = sourcecode.c.h; name = "Contact+CoreDataProperties.h"; path = "CoreDataClass/Contact+CoreDataProperties.h"; sourceTree = "<group>"; };
		D48AEDAF1E4714450002D18F /* Contact+CoreDataProperties.m */ = {isa = PBXFileReference; fileEncoding = 4; lastKnownFileType = sourcecode.c.objc; name = "Contact+CoreDataProperties.m"; path = "CoreDataClass/Contact+CoreDataProperties.m"; sourceTree = "<group>"; };
		D48AEDB01E4714450002D18F /* User.h */ = {isa = PBXFileReference; fileEncoding = 4; lastKnownFileType = sourcecode.c.h; name = User.h; path = CoreDataClass/User.h; sourceTree = "<group>"; };
		D48AEDB11E4714450002D18F /* User.m */ = {isa = PBXFileReference; fileEncoding = 4; lastKnownFileType = sourcecode.c.objc; name = User.m; path = CoreDataClass/User.m; sourceTree = "<group>"; };
		D48AEDB21E4714450002D18F /* User+CoreDataProperties.h */ = {isa = PBXFileReference; fileEncoding = 4; lastKnownFileType = sourcecode.c.h; name = "User+CoreDataProperties.h"; path = "CoreDataClass/User+CoreDataProperties.h"; sourceTree = "<group>"; };
		D48AEDB31E4714450002D18F /* User+CoreDataProperties.m */ = {isa = PBXFileReference; fileEncoding = 4; lastKnownFileType = sourcecode.c.objc; name = "User+CoreDataProperties.m"; path = "CoreDataClass/User+CoreDataProperties.m"; sourceTree = "<group>"; };
		D48AEDB41E4714450002D18F /* UserSource.h */ = {isa = PBXFileReference; fileEncoding = 4; lastKnownFileType = sourcecode.c.h; name = UserSource.h; path = CoreDataClass/UserSource.h; sourceTree = "<group>"; };
		D48AEDB51E4714450002D18F /* UserSource.m */ = {isa = PBXFileReference; fileEncoding = 4; lastKnownFileType = sourcecode.c.objc; name = UserSource.m; path = CoreDataClass/UserSource.m; sourceTree = "<group>"; };
		D48AEDBD1E47148F0002D18F /* WiiChatCoreDataStackManager.h */ = {isa = PBXFileReference; fileEncoding = 4; lastKnownFileType = sourcecode.c.h; name = WiiChatCoreDataStackManager.h; path = CoreDataClass/WiiChatCoreDataStackManager.h; sourceTree = "<group>"; };
		D48AEDBE1E47148F0002D18F /* WiiChatCoreDataStackManager.m */ = {isa = PBXFileReference; fileEncoding = 4; lastKnownFileType = sourcecode.c.objc; name = WiiChatCoreDataStackManager.m; path = CoreDataClass/WiiChatCoreDataStackManager.m; sourceTree = "<group>"; };
		D48AEDC01E47151D0002D18F /* WCContactRootTableViewController.h */ = {isa = PBXFileReference; fileEncoding = 4; lastKnownFileType = sourcecode.c.h; path = WCContactRootTableViewController.h; sourceTree = "<group>"; };
		D48AEDC11E47151D0002D18F /* WCContactRootTableViewController.m */ = {isa = PBXFileReference; fileEncoding = 4; lastKnownFileType = sourcecode.c.objc; path = WCContactRootTableViewController.m; sourceTree = "<group>"; };
		D48AEDC21E47151D0002D18F /* WCDiscoverRootTableViewController.h */ = {isa = PBXFileReference; fileEncoding = 4; lastKnownFileType = sourcecode.c.h; path = WCDiscoverRootTableViewController.h; sourceTree = "<group>"; };
		D48AEDC31E47151D0002D18F /* WCDiscoverRootTableViewController.m */ = {isa = PBXFileReference; fileEncoding = 4; lastKnownFileType = sourcecode.c.objc; path = WCDiscoverRootTableViewController.m; sourceTree = "<group>"; };
		D48AEDC41E47151D0002D18F /* WCMessageRootTableViewController.h */ = {isa = PBXFileReference; fileEncoding = 4; lastKnownFileType = sourcecode.c.h; path = WCMessageRootTableViewController.h; sourceTree = "<group>"; };
		D48AEDC51E47151D0002D18F /* WCMessageRootTableViewController.m */ = {isa = PBXFileReference; fileEncoding = 4; lastKnownFileType = sourcecode.c.objc; path = WCMessageRootTableViewController.m; sourceTree = "<group>"; };
		D48AEDC61E47151D0002D18F /* WCProfileRootTableViewController.h */ = {isa = PBXFileReference; fileEncoding = 4; lastKnownFileType = sourcecode.c.h; path = WCProfileRootTableViewController.h; sourceTree = "<group>"; };
		D48AEDC71E47151D0002D18F /* WCProfileRootTableViewController.m */ = {isa = PBXFileReference; fileEncoding = 4; lastKnownFileType = sourcecode.c.objc; path = WCProfileRootTableViewController.m; sourceTree = "<group>"; };
		D48AEDCC1E4715890002D18F /* UIBaseSettingInfo.h */ = {isa = PBXFileReference; fileEncoding = 4; lastKnownFileType = sourcecode.c.h; path = UIBaseSettingInfo.h; sourceTree = "<group>"; };
		D48AEDCD1E4715890002D18F /* UIBaseSettingInfo.m */ = {isa = PBXFileReference; fileEncoding = 4; lastKnownFileType = sourcecode.c.objc; path = UIBaseSettingInfo.m; sourceTree = "<group>"; };
		D49928551DAB417500F6DD90 /* WCEditUserInfoTableViewController.h */ = {isa = PBXFileReference; fileEncoding = 4; lastKnownFileType = sourcecode.c.h; path = WCEditUserInfoTableViewController.h; sourceTree = "<group>"; };
		D49928561DAB417500F6DD90 /* WCEditUserInfoTableViewController.m */ = {isa = PBXFileReference; fileEncoding = 4; lastKnownFileType = sourcecode.c.objc; path = WCEditUserInfoTableViewController.m; sourceTree = "<group>"; };
		D499285C1DAB4A2200F6DD90 /* LoginBackgroundImg@2x.JPG */ = {isa = PBXFileReference; lastKnownFileType = image.jpeg; name = "LoginBackgroundImg@2x.JPG"; path = "../photos/LoginBackgroundImg@2x.JPG"; sourceTree = "<group>"; };
		D499285D1DAB4A2200F6DD90 /* MoreEmotions@2x.png */ = {isa = PBXFileReference; lastKnownFileType = image.png; name = "MoreEmotions@2x.png"; path = "../photos/MoreEmotions@2x.png"; sourceTree = "<group>"; };
		D49E9DE41DC3725700D709FA /* YQImageCompressTool.h */ = {isa = PBXFileReference; fileEncoding = 4; lastKnownFileType = sourcecode.c.h; path = YQImageCompressTool.h; sourceTree = "<group>"; };
		D49E9DE51DC3725700D709FA /* YQImageCompressTool.m */ = {isa = PBXFileReference; fileEncoding = 4; lastKnownFileType = sourcecode.c.objc; path = YQImageCompressTool.m; sourceTree = "<group>"; };
		D49E9DE61DC3725700D709FA /* YQImageTool.h */ = {isa = PBXFileReference; fileEncoding = 4; lastKnownFileType = sourcecode.c.h; path = YQImageTool.h; sourceTree = "<group>"; };
		D49E9DE71DC3725700D709FA /* YQImageTool.m */ = {isa = PBXFileReference; fileEncoding = 4; lastKnownFileType = sourcecode.c.objc; path = YQImageTool.m; sourceTree = "<group>"; };
		D4AF93C11DA9166D00675224 /* WCUIStoreManager.h */ = {isa = PBXFileReference; fileEncoding = 4; lastKnownFileType = sourcecode.c.h; path = WCUIStoreManager.h; sourceTree = "<group>"; };
		D4AF93C21DA9166D00675224 /* WCUIStoreManager.m */ = {isa = PBXFileReference; fileEncoding = 4; lastKnownFileType = sourcecode.c.objc; path = WCUIStoreManager.m; sourceTree = "<group>"; };
		D4AF93CF1DA91CA000675224 /* MyAlbum@2x.png */ = {isa = PBXFileReference; lastKnownFileType = image.png; name = "MyAlbum@2x.png"; path = "photos/MyAlbum@2x.png"; sourceTree = SOURCE_ROOT; };
		D4AF93D01DA91CA000675224 /* MyCards@2x.png */ = {isa = PBXFileReference; lastKnownFileType = image.png; name = "MyCards@2x.png"; path = "photos/MyCards@2x.png"; sourceTree = SOURCE_ROOT; };
		D4AF93D11DA91CA000675224 /* MyFavorites@2x.png */ = {isa = PBXFileReference; lastKnownFileType = image.png; name = "MyFavorites@2x.png"; path = "photos/MyFavorites@2x.png"; sourceTree = SOURCE_ROOT; };
		D4AF93D21DA91CA000675224 /* MySetting@2x.png */ = {isa = PBXFileReference; lastKnownFileType = image.png; name = "MySetting@2x.png"; path = "photos/MySetting@2x.png"; sourceTree = SOURCE_ROOT; };
		D4AF93D81DA91E8200675224 /* MyWallet@2x.png */ = {isa = PBXFileReference; lastKnownFileType = image.png; name = "MyWallet@2x.png"; path = "photos/MyWallet@2x.png"; sourceTree = SOURCE_ROOT; };
		D4B7FFD21D9556BA004D77B8 /* WCBaseNavigationController.h */ = {isa = PBXFileReference; fileEncoding = 4; lastKnownFileType = sourcecode.c.h; path = WCBaseNavigationController.h; sourceTree = "<group>"; };
		D4B7FFD31D9556BA004D77B8 /* WCBaseNavigationController.m */ = {isa = PBXFileReference; fileEncoding = 4; lastKnownFileType = sourcecode.c.objc; path = WCBaseNavigationController.m; sourceTree = "<group>"; };
		D4B7FFD51D9557F2004D77B8 /* RegisterViewController.h */ = {isa = PBXFileReference; fileEncoding = 4; lastKnownFileType = sourcecode.c.h; path = RegisterViewController.h; sourceTree = "<group>"; };
		D4B7FFD61D9557F2004D77B8 /* RegisterViewController.m */ = {isa = PBXFileReference; fileEncoding = 4; lastKnownFileType = sourcecode.c.objc; path = RegisterViewController.m; sourceTree = "<group>"; };
		D4C4B63C1DB106EE00F5D105 /* EditUserInfoHelper.h */ = {isa = PBXFileReference; fileEncoding = 4; lastKnownFileType = sourcecode.c.h; path = EditUserInfoHelper.h; sourceTree = "<group>"; };
		D4C4B63D1DB106EE00F5D105 /* EditUserInfoHelper.m */ = {isa = PBXFileReference; fileEncoding = 4; lastKnownFileType = sourcecode.c.objc; path = EditUserInfoHelper.m; sourceTree = "<group>"; };
		D4D2DEEC1D9D37F700BCA6F6 /* RegisterHelper.h */ = {isa = PBXFileReference; fileEncoding = 4; lastKnownFileType = sourcecode.c.h; path = RegisterHelper.h; sourceTree = "<group>"; };
		D4D2DEED1D9D37F700BCA6F6 /* RegisterHelper.m */ = {isa = PBXFileReference; fileEncoding = 4; lastKnownFileType = sourcecode.c.objc; path = RegisterHelper.m; sourceTree = "<group>"; };
		D4D2DEF01D9D3A4700BCA6F6 /* WiiChatSourceData.xcdatamodel */ = {isa = PBXFileReference; lastKnownFileType = wrapper.xcdatamodel; path = WiiChatSourceData.xcdatamodel; sourceTree = "<group>"; };
		D4D8EAA01E488E7800743378 /* WCHeadImgScrollVIew.h */ = {isa = PBXFileReference; fileEncoding = 4; lastKnownFileType = sourcecode.c.h; path = WCHeadImgScrollVIew.h; sourceTree = "<group>"; };
		D4D8EAA11E488E7800743378 /* WCHeadImgScrollVIew.m */ = {isa = PBXFileReference; fileEncoding = 4; lastKnownFileType = sourcecode.c.objc; path = WCHeadImgScrollVIew.m; sourceTree = "<group>"; };
		D4DB48481DC9F63B002B7665 /* WCAddContactViewController.h */ = {isa = PBXFileReference; fileEncoding = 4; lastKnownFileType = sourcecode.c.h; path = WCAddContactViewController.h; sourceTree = "<group>"; };
		D4DB48491DC9F63B002B7665 /* WCAddContactViewController.m */ = {isa = PBXFileReference; fileEncoding = 4; lastKnownFileType = sourcecode.c.objc; path = WCAddContactViewController.m; sourceTree = "<group>"; };
		D4DB484B1DCA00BF002B7665 /* gongzhonghao@2x.png */ = {isa = PBXFileReference; lastKnownFileType = image.png; name = "gongzhonghao@2x.png"; path = "photos/gongzhonghao@2x.png"; sourceTree = SOURCE_ROOT; };
		D4DB484C1DCA00BF002B7665 /* leida@2x.png */ = {isa = PBXFileReference; lastKnownFileType = image.png; name = "leida@2x.png"; path = "photos/leida@2x.png"; sourceTree = SOURCE_ROOT; };
		D4DB484D1DCA00BF002B7665 /* mianduimian@2x.png */ = {isa = PBXFileReference; lastKnownFileType = image.png; name = "mianduimian@2x.png"; path = "photos/mianduimian@2x.png"; sourceTree = SOURCE_ROOT; };
		D4DB484E1DCA00BF002B7665 /* saoyisao@2x.png */ = {isa = PBXFileReference; lastKnownFileType = image.png; name = "saoyisao@2x.png"; path = "photos/saoyisao@2x.png"; sourceTree = SOURCE_ROOT; };
		D4DB484F1DCA00BF002B7665 /* shouji@2x.png */ = {isa = PBXFileReference; lastKnownFileType = image.png; name = "shouji@2x.png"; path = "photos/shouji@2x.png"; sourceTree = SOURCE_ROOT; };
		D4E228F81D96A18300299CA9 /* SVIndefiniteAnimatedView.h */ = {isa = PBXFileReference; fileEncoding = 4; lastKnownFileType = sourcecode.c.h; path = SVIndefiniteAnimatedView.h; sourceTree = "<group>"; };
		D4E228F91D96A18300299CA9 /* SVIndefiniteAnimatedView.m */ = {isa = PBXFileReference; fileEncoding = 4; lastKnownFileType = sourcecode.c.objc; path = SVIndefiniteAnimatedView.m; sourceTree = "<group>"; };
		D4E228FA1D96A18300299CA9 /* SVProgressAnimatedView.h */ = {isa = PBXFileReference; fileEncoding = 4; lastKnownFileType = sourcecode.c.h; path = SVProgressAnimatedView.h; sourceTree = "<group>"; };
		D4E228FB1D96A18300299CA9 /* SVProgressAnimatedView.m */ = {isa = PBXFileReference; fileEncoding = 4; lastKnownFileType = sourcecode.c.objc; path = SVProgressAnimatedView.m; sourceTree = "<group>"; };
		D4E228FC1D96A18300299CA9 /* SVProgressHUD-Prefix.pch */ = {isa = PBXFileReference; fileEncoding = 4; lastKnownFileType = sourcecode.c.h; path = "SVProgressHUD-Prefix.pch"; sourceTree = "<group>"; };
		D4E228FD1D96A18300299CA9 /* SVProgressHUD.bundle */ = {isa = PBXFileReference; lastKnownFileType = "wrapper.plug-in"; path = SVProgressHUD.bundle; sourceTree = "<group>"; };
		D4E228FE1D96A18300299CA9 /* SVProgressHUD.h */ = {isa = PBXFileReference; fileEncoding = 4; lastKnownFileType = sourcecode.c.h; path = SVProgressHUD.h; sourceTree = "<group>"; };
		D4E228FF1D96A18300299CA9 /* SVProgressHUD.m */ = {isa = PBXFileReference; fileEncoding = 4; lastKnownFileType = sourcecode.c.objc; path = SVProgressHUD.m; sourceTree = "<group>"; };
		D4E229001D96A18300299CA9 /* SVRadialGradientLayer.h */ = {isa = PBXFileReference; fileEncoding = 4; lastKnownFileType = sourcecode.c.h; path = SVRadialGradientLayer.h; sourceTree = "<group>"; };
		D4E229011D96A18300299CA9 /* SVRadialGradientLayer.m */ = {isa = PBXFileReference; fileEncoding = 4; lastKnownFileType = sourcecode.c.objc; path = SVRadialGradientLayer.m; sourceTree = "<group>"; };
		D4E229031D96A18300299CA9 /* Info.plist */ = {isa = PBXFileReference; fileEncoding = 4; lastKnownFileType = text.plist.xml; path = Info.plist; sourceTree = "<group>"; };
		D4E2290B1D96A19A00299CA9 /* QuartzCore.framework */ = {isa = PBXFileReference; lastKnownFileType = wrapper.framework; name = QuartzCore.framework; path = System/Library/Frameworks/QuartzCore.framework; sourceTree = SDKROOT; };
		D4E2290E1D96A9D800299CA9 /* SmoothCheckBox.h */ = {isa = PBXFileReference; fileEncoding = 4; lastKnownFileType = sourcecode.c.h; name = SmoothCheckBox.h; path = "../../SmoothCheckBox-master/SmoothCheckBox/SmoothCheckBox.h"; sourceTree = "<group>"; };
		D4E2290F1D96A9D800299CA9 /* SmoothCheckBox.m */ = {isa = PBXFileReference; fileEncoding = 4; lastKnownFileType = sourcecode.c.objc; name = SmoothCheckBox.m; path = "../../SmoothCheckBox-master/SmoothCheckBox/SmoothCheckBox.m"; sourceTree = "<group>"; };
		D4F228221DA2728E005DB421 /* WCBaseTableViewController.h */ = {isa = PBXFileReference; fileEncoding = 4; lastKnownFileType = sourcecode.c.h; path = WCBaseTableViewController.h; sourceTree = "<group>"; };
		D4F228231DA2728E005DB421 /* WCBaseTableViewController.m */ = {isa = PBXFileReference; fileEncoding = 4; lastKnownFileType = sourcecode.c.objc; path = WCBaseTableViewController.m; sourceTree = "<group>"; };
		D4F2282A1DA2762D005DB421 /* WCFetchResultControllerDataBase.h */ = {isa = PBXFileReference; fileEncoding = 4; lastKnownFileType = sourcecode.c.h; path = WCFetchResultControllerDataBase.h; sourceTree = "<group>"; };
		D4F2282B1DA2762D005DB421 /* WCFetchResultControllerDataBase.m */ = {isa = PBXFileReference; fileEncoding = 4; lastKnownFileType = sourcecode.c.objc; path = WCFetchResultControllerDataBase.m; sourceTree = "<group>"; };
		D4F228401DA27F47005DB421 /* WCBaseTabBarViewController.h */ = {isa = PBXFileReference; fileEncoding = 4; lastKnownFileType = sourcecode.c.h; path = WCBaseTabBarViewController.h; sourceTree = "<group>"; };
		D4F228411DA27F47005DB421 /* WCBaseTabBarViewController.m */ = {isa = PBXFileReference; fileEncoding = 4; lastKnownFileType = sourcecode.c.objc; path = WCBaseTabBarViewController.m; sourceTree = "<group>"; };
		D4F228451DA289CE005DB421 /* WCLocalizable.strings */ = {isa = PBXFileReference; fileEncoding = 4; lastKnownFileType = text.plist.strings; path = WCLocalizable.strings; sourceTree = "<group>"; };
		D4F2701F1DDDD12B00330662 /* WCSearchResultTableController.h */ = {isa = PBXFileReference; fileEncoding = 4; lastKnownFileType = sourcecode.c.h; path = WCSearchResultTableController.h; sourceTree = "<group>"; };
		D4F270201DDDD12B00330662 /* WCSearchResultTableController.m */ = {isa = PBXFileReference; fileEncoding = 4; lastKnownFileType = sourcecode.c.objc; path = WCSearchResultTableController.m; sourceTree = "<group>"; };
		D4FF91B81DD08FB200473CC7 /* searchIcon@2x.png */ = {isa = PBXFileReference; lastKnownFileType = image.png; name = "searchIcon@2x.png"; path = "photos/searchIcon@2x.png"; sourceTree = SOURCE_ROOT; };
		D4FF91BA1DD097FC00473CC7 /* AddContactHelper.h */ = {isa = PBXFileReference; fileEncoding = 4; lastKnownFileType = sourcecode.c.h; path = AddContactHelper.h; sourceTree = "<group>"; };
		D4FF91BB1DD097FC00473CC7 /* AddContactHelper.m */ = {isa = PBXFileReference; fileEncoding = 4; lastKnownFileType = sourcecode.c.objc; path = AddContactHelper.m; sourceTree = "<group>"; };
		D4FF91BD1DD0A25300473CC7 /* WCContactInfoViewController.h */ = {isa = PBXFileReference; fileEncoding = 4; lastKnownFileType = sourcecode.c.h; path = WCContactInfoViewController.h; sourceTree = "<group>"; };
		D4FF91BE1DD0A25300473CC7 /* WCContactInfoViewController.m */ = {isa = PBXFileReference; fileEncoding = 4; lastKnownFileType = sourcecode.c.objc; path = WCContactInfoViewController.m; sourceTree = "<group>"; };
/* End PBXFileReference section */

/* Begin PBXFrameworksBuildPhase section */
		D45C28F71D90EE45005C2B9A /* Frameworks */ = {
			isa = PBXFrameworksBuildPhase;
			buildActionMask = 2147483647;
			files = (
				D4E2290C1D96A19A00299CA9 /* QuartzCore.framework in Frameworks */,
			);
			runOnlyForDeploymentPostprocessing = 0;
		};
		D45C29131D90EE45005C2B9A /* Frameworks */ = {
			isa = PBXFrameworksBuildPhase;
			buildActionMask = 2147483647;
			files = (
			);
			runOnlyForDeploymentPostprocessing = 0;
		};
		D45C291E1D90EE45005C2B9A /* Frameworks */ = {
			isa = PBXFrameworksBuildPhase;
			buildActionMask = 2147483647;
			files = (
			);
			runOnlyForDeploymentPostprocessing = 0;
		};
/* End PBXFrameworksBuildPhase section */

/* Begin PBXGroup section */
		D437ACFD1DC60DF90024513A /* YYEAAnimatorPush */ = {
			isa = PBXGroup;
			children = (
				D41C23321DAE66CC00699CE7 /* YYEAnimatorPush.h */,
				D41C23331DAE66CC00699CE7 /* YYEAnimatorPush.m */,
			);
			name = YYEAAnimatorPush;
			sourceTree = "<group>";
		};
		D446448C1DC761630050433E /* STConfig */ = {
			isa = PBXGroup;
			children = (
				D446448D1DC761630050433E /* STConfig.h */,
				D446448E1DC761630050433E /* STConst.h */,
				D446448F1DC761630050433E /* STConst.m */,
				D44644901DC761630050433E /* STUI.h */,
				D44644911DC761630050433E /* STUI.m */,
				D44644921DC761630050433E /* UIImage+ST.h */,
				D44644931DC761630050433E /* UIImage+ST.m */,
				D44644941DC761630050433E /* UIView+ST.h */,
				D44644951DC761630050433E /* UIView+ST.m */,
			);
			path = STConfig;
			sourceTree = "<group>";
		};
		D44644961DC761630050433E /* STPhotoKit */ = {
			isa = PBXGroup;
			children = (
				D44644971DC761630050433E /* STPhotoKitController.h */,
				D44644981DC761630050433E /* STPhotoKitController.m */,
				D44644991DC761630050433E /* UIImagePickerController+ST.h */,
				D446449A1DC761630050433E /* UIImagePickerController+ST.m */,
			);
			path = STPhotoKit;
			sourceTree = "<group>";
		};
		D45A7DCA1DA13DB4001F19A1 /* HelperClass */ = {
			isa = PBXGroup;
			children = (
				D48AED9B1E4708FF0002D18F /* CountStringLengthHelper.h */,
				D48AED9C1E4708FF0002D18F /* CountStringLengthHelper.m */,
				D4D2DEEC1D9D37F700BCA6F6 /* RegisterHelper.h */,
				D4D2DEED1D9D37F700BCA6F6 /* RegisterHelper.m */,
				D45A7DC71DA13DA6001F19A1 /* LoginHelper.h */,
				D45A7DC81DA13DA6001F19A1 /* LoginHelper.m */,
				D4C4B63C1DB106EE00F5D105 /* EditUserInfoHelper.h */,
				D4C4B63D1DB106EE00F5D105 /* EditUserInfoHelper.m */,
				D4FF91BA1DD097FC00473CC7 /* AddContactHelper.h */,
				D4FF91BB1DD097FC00473CC7 /* AddContactHelper.m */,
			);
			name = HelperClass;
			sourceTree = "<group>";
		};
		D45C28F11D90EE45005C2B9A = {
			isa = PBXGroup;
			children = (
				D4E229111D96A9EE00299CA9 /* CoreDataClass */,
				D446448C1DC761630050433E /* STConfig */,
				D48AED9E1E47127C0002D18F /* ChineseStringConvert */,
				D44644961DC761630050433E /* STPhotoKit */,
				D437ACFD1DC60DF90024513A /* YYEAAnimatorPush */,
				D49E9DE21DC3725700D709FA /* YQImageTool */,
				D4E228F71D96A18300299CA9 /* SVProgressHUD */,
				D4E229021D96A18300299CA9 /* SVProgressHUD-Framework */,
				D4E2290D1D96A99C00299CA9 /* CheckBoxHelper */,
				D45C28FC1D90EE45005C2B9A /* WiiChat_2_2 */,
				D45C29191D90EE45005C2B9A /* WiiChat_2_2Tests */,
				D45C29241D90EE45005C2B9A /* WiiChat_2_2UITests */,
				D45C28FB1D90EE45005C2B9A /* Products */,
				D4E2290A1D96A19A00299CA9 /* Frameworks */,
			);
			sourceTree = "<group>";
		};
		D45C28FB1D90EE45005C2B9A /* Products */ = {
			isa = PBXGroup;
			children = (
				D45C28FA1D90EE45005C2B9A /* WiiChat_2_2.app */,
				D45C29161D90EE45005C2B9A /* WiiChat_2_2Tests.xctest */,
				D45C29211D90EE45005C2B9A /* WiiChat_2_2UITests.xctest */,
			);
			name = Products;
			sourceTree = "<group>";
		};
		D45C28FC1D90EE45005C2B9A /* WiiChat_2_2 */ = {
			isa = PBXGroup;
			children = (
				D45C29001D90EE45005C2B9A /* AppDelegate.h */,
				D45C29011D90EE45005C2B9A /* AppDelegate.m */,
				D45C29031D90EE45005C2B9A /* ViewController.h */,
				D45C29041D90EE45005C2B9A /* ViewController.m */,
				D45C29361D90EF28005C2B9A /* WiiChatSingletonClass.h */,
				D45C29371D90EF28005C2B9A /* WiiChatSingletonClass.m */,
				D4AF93C11DA9166D00675224 /* WCUIStoreManager.h */,
				D4AF93C21DA9166D00675224 /* WCUIStoreManager.m */,
				D4F228251DA2737D005DB421 /* WCBaseController */,
				D4F2282D1DA27636005DB421 /* FetchResultDatabase */,
				D4F228261DA273A6005DB421 /* WCViewController */,
				D45A7DCA1DA13DB4001F19A1 /* HelperClass */,
				D46A333D1D93F8170075E358 /* photos */,
				D45C28FD1D90EE45005C2B9A /* Supporting Files */,
			);
			path = WiiChat_2_2;
			sourceTree = "<group>";
		};
		D45C28FD1D90EE45005C2B9A /* Supporting Files */ = {
			isa = PBXGroup;
			children = (
				D45C28FE1D90EE45005C2B9A /* main.m */,
				D48AEDA51E4713C90002D18F /* ErrorInfo.h */,
				D48AEDA61E4713C90002D18F /* ErrorInfo.m */,
				D4F228451DA289CE005DB421 /* WCLocalizable.strings */,
				D48AEDCC1E4715890002D18F /* UIBaseSettingInfo.h */,
				D48AEDCD1E4715890002D18F /* UIBaseSettingInfo.m */,
				D45C29061D90EE45005C2B9A /* Main.storyboard */,
				D46A333B1D93EDC40075E358 /* Login.storyboard */,
				D42E64311E080604007E1A92 /* WiiChat_iOS-Prefix.pch */,
				D45C290C1D90EE45005C2B9A /* Assets.xcassets */,
				D45C290E1D90EE45005C2B9A /* LaunchScreen.storyboard */,
				D45C29111D90EE45005C2B9A /* Info.plist */,
				D45C29091D90EE45005C2B9A /* WiiChat_2_2.xcdatamodeld */,
				D4D2DEEF1D9D3A4700BCA6F6 /* WiiChatSourceData.xcdatamodeld */,
			);
			name = "Supporting Files";
			sourceTree = "<group>";
		};
		D45C29191D90EE45005C2B9A /* WiiChat_2_2Tests */ = {
			isa = PBXGroup;
			children = (
				D45C291A1D90EE45005C2B9A /* WiiChat_2_2Tests.m */,
				D45C291C1D90EE45005C2B9A /* Info.plist */,
			);
			path = WiiChat_2_2Tests;
			sourceTree = "<group>";
		};
		D45C29241D90EE45005C2B9A /* WiiChat_2_2UITests */ = {
			isa = PBXGroup;
			children = (
				D45C29251D90EE45005C2B9A /* WiiChat_2_2UITests.m */,
				D45C29271D90EE45005C2B9A /* Info.plist */,
			);
			path = WiiChat_2_2UITests;
			sourceTree = "<group>";
		};
		D46A333D1D93F8170075E358 /* photos */ = {
			isa = PBXGroup;
			children = (
				D4AF93CF1DA91CA000675224 /* MyAlbum@2x.png */,
				D47EA6FC1DEC3EEF00F949B0 /* GroupChat@2x.png */,
				D47EA6FD1DEC3EEF00F949B0 /* NewFriend@2x.png */,
				D47EA6FE1DEC3EEF00F949B0 /* PublicAccount@2x.png */,
				D47EA6FF1DEC3EEF00F949B0 /* Stamp@2x.png */,
				D4AF93D01DA91CA000675224 /* MyCards@2x.png */,
				D4AF93D81DA91E8200675224 /* MyWallet@2x.png */,
				D4AF93D11DA91CA000675224 /* MyFavorites@2x.png */,
				D4AF93D21DA91CA000675224 /* MySetting@2x.png */,
				D437ACFA1DC5E5D10024513A /* TestHeadImg@2x.JPG */,
				D4846BA51DAA27EF00209CDB /* AppleWatch@2x.png */,
				D401E2881DF6AD50001F63B2 /* DefaultHeadImg@2x.png */,
				D42D7A691DD33182009097A6 /* searchIcon2@2x.png */,
				D499285C1DAB4A2200F6DD90 /* LoginBackgroundImg@2x.JPG */,
				D4FF91B81DD08FB200473CC7 /* searchIcon@2x.png */,
				D499285D1DAB4A2200F6DD90 /* MoreEmotions@2x.png */,
				D4DB484B1DCA00BF002B7665 /* gongzhonghao@2x.png */,
				D4DB484C1DCA00BF002B7665 /* leida@2x.png */,
				D4DB484D1DCA00BF002B7665 /* mianduimian@2x.png */,
				D4DB484E1DCA00BF002B7665 /* saoyisao@2x.png */,
				D4DB484F1DCA00BF002B7665 /* shouji@2x.png */,
			);
			name = photos;
			sourceTree = "<group>";
		};
		D4846BA11DAA219C00209CDB /* WCTableViewCell */ = {
			isa = PBXGroup;
			children = (
				D4846B9E1DAA217200209CDB /* WCProfileTableViewCell.h */,
				D4846B9F1DAA217200209CDB /* WCProfileTableViewCell.m */,
				D47EA7041DEC40A500F949B0 /* WCContactTableViewCell.h */,
				D47EA7051DEC40A500F949B0 /* WCContactTableViewCell.m */,
			);
			name = WCTableViewCell;
			sourceTree = "<group>";
		};
		D4846BA21DAA21E100209CDB /* WCTableViewController */ = {
			isa = PBXGroup;
			children = (
				D4846BA11DAA219C00209CDB /* WCTableViewCell */,
				D4DB48471DC9F5FB002B7665 /* Contact */,
				D49928581DAB418700F6DD90 /* Profile */,
			);
			name = WCTableViewController;
			sourceTree = "<group>";
		};
		D48AED9E1E47127C0002D18F /* ChineseStringConvert */ = {
			isa = PBXGroup;
			children = (
				D48AED9F1E47135C0002D18F /* ChineseString.h */,
				D48AEDA01E47135C0002D18F /* ChineseString.m */,
				D48AEDA11E47135C0002D18F /* pinyin.c */,
				D48AEDA21E47135C0002D18F /* pinyin.h */,
			);
			name = ChineseStringConvert;
			sourceTree = "<group>";
		};
		D49928581DAB418700F6DD90 /* Profile */ = {
			isa = PBXGroup;
			children = (
				D4846BA71DAA53F500209CDB /* WCUserInfoTableViewController.h */,
				D4846BA81DAA53F500209CDB /* WCUserInfoTableViewController.m */,
				D49928551DAB417500F6DD90 /* WCEditUserInfoTableViewController.h */,
				D49928561DAB417500F6DD90 /* WCEditUserInfoTableViewController.m */,
				D4D8EAA01E488E7800743378 /* WCHeadImgScrollVIew.h */,
				D4D8EAA11E488E7800743378 /* WCHeadImgScrollVIew.m */,
			);
			name = Profile;
			sourceTree = "<group>";
		};
		D49E9DE21DC3725700D709FA /* YQImageTool */ = {
			isa = PBXGroup;
			children = (
				D49E9DE31DC3725700D709FA /* YQImageCompressor */,
				D49E9DE61DC3725700D709FA /* YQImageTool.h */,
				D49E9DE71DC3725700D709FA /* YQImageTool.m */,
			);
			path = YQImageTool;
			sourceTree = "<group>";
		};
		D49E9DE31DC3725700D709FA /* YQImageCompressor */ = {
			isa = PBXGroup;
			children = (
				D49E9DE41DC3725700D709FA /* YQImageCompressTool.h */,
				D49E9DE51DC3725700D709FA /* YQImageCompressTool.m */,
			);
			path = YQImageCompressor;
			sourceTree = "<group>";
		};
		D4DB48471DC9F5FB002B7665 /* Contact */ = {
			isa = PBXGroup;
			children = (
				D4DB48481DC9F63B002B7665 /* WCAddContactViewController.h */,
				D4DB48491DC9F63B002B7665 /* WCAddContactViewController.m */,
				D4FF91BD1DD0A25300473CC7 /* WCContactInfoViewController.h */,
				D4FF91BE1DD0A25300473CC7 /* WCContactInfoViewController.m */,
				D4F2701F1DDDD12B00330662 /* WCSearchResultTableController.h */,
				D4F270201DDDD12B00330662 /* WCSearchResultTableController.m */,
			);
			name = Contact;
			sourceTree = "<group>";
		};
		D4E228F71D96A18300299CA9 /* SVProgressHUD */ = {
			isa = PBXGroup;
			children = (
				D4E228F81D96A18300299CA9 /* SVIndefiniteAnimatedView.h */,
				D4E228F91D96A18300299CA9 /* SVIndefiniteAnimatedView.m */,
				D4E228FA1D96A18300299CA9 /* SVProgressAnimatedView.h */,
				D4E228FB1D96A18300299CA9 /* SVProgressAnimatedView.m */,
				D4E228FC1D96A18300299CA9 /* SVProgressHUD-Prefix.pch */,
				D4E228FD1D96A18300299CA9 /* SVProgressHUD.bundle */,
				D4E228FE1D96A18300299CA9 /* SVProgressHUD.h */,
				D4E228FF1D96A18300299CA9 /* SVProgressHUD.m */,
				D4E229001D96A18300299CA9 /* SVRadialGradientLayer.h */,
				D4E229011D96A18300299CA9 /* SVRadialGradientLayer.m */,
			);
			name = SVProgressHUD;
			path = "../../../../../../Downloads/SVProgressHUD-master/SVProgressHUD";
			sourceTree = "<group>";
		};
		D4E229021D96A18300299CA9 /* SVProgressHUD-Framework */ = {
			isa = PBXGroup;
			children = (
				D4E229031D96A18300299CA9 /* Info.plist */,
			);
			name = "SVProgressHUD-Framework";
			path = "../../../../../../Downloads/SVProgressHUD-master/SVProgressHUD-Framework";
			sourceTree = "<group>";
		};
		D4E2290A1D96A19A00299CA9 /* Frameworks */ = {
			isa = PBXGroup;
			children = (
				D4E2290B1D96A19A00299CA9 /* QuartzCore.framework */,
			);
			name = Frameworks;
			sourceTree = "<group>";
		};
		D4E2290D1D96A99C00299CA9 /* CheckBoxHelper */ = {
			isa = PBXGroup;
			children = (
				D4E2290E1D96A9D800299CA9 /* SmoothCheckBox.h */,
				D4E2290F1D96A9D800299CA9 /* SmoothCheckBox.m */,
			);
			name = CheckBoxHelper;
			path = "../../../../../../Downloads/SVProgressHUD-master/SVProgressHUD-Framework";
			sourceTree = "<group>";
		};
		D4E229111D96A9EE00299CA9 /* CoreDataClass */ = {
			isa = PBXGroup;
			children = (
				D48AEDA81E4714450002D18F /* AllUsers.h */,
				D48AEDA91E4714450002D18F /* AllUsers.m */,
				D48AEDAA1E4714450002D18F /* AllUsers+CoreDataProperties.h */,
				D48AEDAB1E4714450002D18F /* AllUsers+CoreDataProperties.m */,
				D48AEDAC1E4714450002D18F /* Contact.h */,
				D48AEDAD1E4714450002D18F /* Contact.m */,
				D48AEDAE1E4714450002D18F /* Contact+CoreDataProperties.h */,
				D48AEDAF1E4714450002D18F /* Contact+CoreDataProperties.m */,
				D48AEDB01E4714450002D18F /* User.h */,
				D48AEDB11E4714450002D18F /* User.m */,
				D48AEDB21E4714450002D18F /* User+CoreDataProperties.h */,
				D48AEDB31E4714450002D18F /* User+CoreDataProperties.m */,
				D48AEDB41E4714450002D18F /* UserSource.h */,
				D48AEDB51E4714450002D18F /* UserSource.m */,
				D48AEDBD1E47148F0002D18F /* WiiChatCoreDataStackManager.h */,
				D48AEDBE1E47148F0002D18F /* WiiChatCoreDataStackManager.m */,
			);
			name = CoreDataClass;
			sourceTree = "<group>";
		};
		D4F228251DA2737D005DB421 /* WCBaseController */ = {
			isa = PBXGroup;
			children = (
				D45C29451D90F3A2005C2B9A /* WCBaseViewController.h */,
				D45C29461D90F3A2005C2B9A /* WCBaseViewController.m */,
				D4F228221DA2728E005DB421 /* WCBaseTableViewController.h */,
				D4F228231DA2728E005DB421 /* WCBaseTableViewController.m */,
				D4B7FFD21D9556BA004D77B8 /* WCBaseNavigationController.h */,
				D4B7FFD31D9556BA004D77B8 /* WCBaseNavigationController.m */,
				D4F228401DA27F47005DB421 /* WCBaseTabBarViewController.h */,
				D4F228411DA27F47005DB421 /* WCBaseTabBarViewController.m */,
			);
			name = WCBaseController;
			sourceTree = "<group>";
		};
		D4F228261DA273A6005DB421 /* WCViewController */ = {
			isa = PBXGroup;
			children = (
				D45C29481D912576005C2B9A /* LoginViewController.h */,
				D45C29491D912576005C2B9A /* LoginViewController.m */,
				D4B7FFD51D9557F2004D77B8 /* RegisterViewController.h */,
				D4B7FFD61D9557F2004D77B8 /* RegisterViewController.m */,
				D48AEDC01E47151D0002D18F /* WCContactRootTableViewController.h */,
				D48AEDC11E47151D0002D18F /* WCContactRootTableViewController.m */,
				D48AEDC21E47151D0002D18F /* WCDiscoverRootTableViewController.h */,
				D48AEDC31E47151D0002D18F /* WCDiscoverRootTableViewController.m */,
				D48AEDC41E47151D0002D18F /* WCMessageRootTableViewController.h */,
				D48AEDC51E47151D0002D18F /* WCMessageRootTableViewController.m */,
				D48AEDC61E47151D0002D18F /* WCProfileRootTableViewController.h */,
				D48AEDC71E47151D0002D18F /* WCProfileRootTableViewController.m */,
				D4846BA21DAA21E100209CDB /* WCTableViewController */,
			);
			name = WCViewController;
			sourceTree = "<group>";
		};
		D4F2282D1DA27636005DB421 /* FetchResultDatabase */ = {
			isa = PBXGroup;
			children = (
				D4F2282A1DA2762D005DB421 /* WCFetchResultControllerDataBase.h */,
				D4F2282B1DA2762D005DB421 /* WCFetchResultControllerDataBase.m */,
			);
			name = FetchResultDatabase;
			sourceTree = "<group>";
		};
/* End PBXGroup section */

/* Begin PBXNativeTarget section */
		D45C28F91D90EE45005C2B9A /* WiiChat_2_2 */ = {
			isa = PBXNativeTarget;
			buildConfigurationList = D45C292A1D90EE45005C2B9A /* Build configuration list for PBXNativeTarget "WiiChat_2_2" */;
			buildPhases = (
				D45C28F61D90EE45005C2B9A /* Sources */,
				D45C28F71D90EE45005C2B9A /* Frameworks */,
				D45C28F81D90EE45005C2B9A /* Resources */,
			);
			buildRules = (
			);
			dependencies = (
			);
			name = WiiChat_2_2;
			productName = WiiChat_2_2;
			productReference = D45C28FA1D90EE45005C2B9A /* WiiChat_2_2.app */;
			productType = "com.apple.product-type.application";
		};
		D45C29151D90EE45005C2B9A /* WiiChat_2_2Tests */ = {
			isa = PBXNativeTarget;
			buildConfigurationList = D45C292D1D90EE45005C2B9A /* Build configuration list for PBXNativeTarget "WiiChat_2_2Tests" */;
			buildPhases = (
				D45C29121D90EE45005C2B9A /* Sources */,
				D45C29131D90EE45005C2B9A /* Frameworks */,
				D45C29141D90EE45005C2B9A /* Resources */,
			);
			buildRules = (
			);
			dependencies = (
				D45C29181D90EE45005C2B9A /* PBXTargetDependency */,
			);
			name = WiiChat_2_2Tests;
			productName = WiiChat_2_2Tests;
			productReference = D45C29161D90EE45005C2B9A /* WiiChat_2_2Tests.xctest */;
			productType = "com.apple.product-type.bundle.unit-test";
		};
		D45C29201D90EE45005C2B9A /* WiiChat_2_2UITests */ = {
			isa = PBXNativeTarget;
			buildConfigurationList = D45C29301D90EE45005C2B9A /* Build configuration list for PBXNativeTarget "WiiChat_2_2UITests" */;
			buildPhases = (
				D45C291D1D90EE45005C2B9A /* Sources */,
				D45C291E1D90EE45005C2B9A /* Frameworks */,
				D45C291F1D90EE45005C2B9A /* Resources */,
			);
			buildRules = (
			);
			dependencies = (
				D45C29231D90EE45005C2B9A /* PBXTargetDependency */,
			);
			name = WiiChat_2_2UITests;
			productName = WiiChat_2_2UITests;
			productReference = D45C29211D90EE45005C2B9A /* WiiChat_2_2UITests.xctest */;
			productType = "com.apple.product-type.bundle.ui-testing";
		};
/* End PBXNativeTarget section */

/* Begin PBXProject section */
		D45C28F21D90EE45005C2B9A /* Project object */ = {
			isa = PBXProject;
			attributes = {
				LastUpgradeCheck = 0810;
				ORGANIZATIONNAME = "童煊";
				TargetAttributes = {
					D45C28F91D90EE45005C2B9A = {
						CreatedOnToolsVersion = 8.0;
						LastSwiftMigration = 0800;
						ProvisioningStyle = Automatic;
					};
					D45C29151D90EE45005C2B9A = {
						CreatedOnToolsVersion = 8.0;
						ProvisioningStyle = Automatic;
						TestTargetID = D45C28F91D90EE45005C2B9A;
					};
					D45C29201D90EE45005C2B9A = {
						CreatedOnToolsVersion = 8.0;
						ProvisioningStyle = Automatic;
						TestTargetID = D45C28F91D90EE45005C2B9A;
					};
				};
			};
			buildConfigurationList = D45C28F51D90EE45005C2B9A /* Build configuration list for PBXProject "WiiChat_2_2" */;
			compatibilityVersion = "Xcode 3.2";
			developmentRegion = English;
			hasScannedForEncodings = 0;
			knownRegions = (
				en,
				Base,
			);
			mainGroup = D45C28F11D90EE45005C2B9A;
			productRefGroup = D45C28FB1D90EE45005C2B9A /* Products */;
			projectDirPath = "";
			projectRoot = "";
			targets = (
				D45C28F91D90EE45005C2B9A /* WiiChat_2_2 */,
				D45C29151D90EE45005C2B9A /* WiiChat_2_2Tests */,
				D45C29201D90EE45005C2B9A /* WiiChat_2_2UITests */,
			);
		};
/* End PBXProject section */

/* Begin PBXResourcesBuildPhase section */
		D45C28F81D90EE45005C2B9A /* Resources */ = {
			isa = PBXResourcesBuildPhase;
			buildActionMask = 2147483647;
			files = (
				D46A333C1D93EDC40075E358 /* Login.storyboard in Resources */,
				D4AF93D41DA91CA000675224 /* MyAlbum@2x.png in Resources */,
				D4F228461DA289CE005DB421 /* WCLocalizable.strings in Resources */,
				D47EA7021DEC3EEF00F949B0 /* PublicAccount@2x.png in Resources */,
				D4AF93D61DA91CA000675224 /* MyFavorites@2x.png in Resources */,
				D4E229061D96A18300299CA9 /* SVProgressHUD.bundle in Resources */,
				D49928661DAB4A2200F6DD90 /* MoreEmotions@2x.png in Resources */,
				D4DB48521DCA00BF002B7665 /* mianduimian@2x.png in Resources */,
				D47EA7031DEC3EEF00F949B0 /* Stamp@2x.png in Resources */,
				D45C29101D90EE45005C2B9A /* LaunchScreen.storyboard in Resources */,
				D4DB48531DCA00BF002B7665 /* saoyisao@2x.png in Resources */,
				D4AF93D91DA91E8200675224 /* MyWallet@2x.png in Resources */,
				D47EA7001DEC3EEF00F949B0 /* GroupChat@2x.png in Resources */,
				D49928651DAB4A2200F6DD90 /* LoginBackgroundImg@2x.JPG in Resources */,
				D45C290D1D90EE45005C2B9A /* Assets.xcassets in Resources */,
				D4DB48501DCA00BF002B7665 /* gongzhonghao@2x.png in Resources */,
				D42D7A6A1DD33182009097A6 /* searchIcon2@2x.png in Resources */,
				D437ACFB1DC5E5D10024513A /* TestHeadImg@2x.JPG in Resources */,
				D47EA7011DEC3EEF00F949B0 /* NewFriend@2x.png in Resources */,
				D4DB48511DCA00BF002B7665 /* leida@2x.png in Resources */,
				D4AF93D71DA91CA000675224 /* MySetting@2x.png in Resources */,
				D401E2891DF6AD50001F63B2 /* DefaultHeadImg@2x.png in Resources */,
				D45C29081D90EE45005C2B9A /* Main.storyboard in Resources */,
				D4846BA61DAA27EF00209CDB /* AppleWatch@2x.png in Resources */,
				D4DB48541DCA00BF002B7665 /* shouji@2x.png in Resources */,
				D4FF91B91DD08FB200473CC7 /* searchIcon@2x.png in Resources */,
				D4AF93D51DA91CA000675224 /* MyCards@2x.png in Resources */,
				D4E229091D96A18300299CA9 /* Info.plist in Resources */,
			);
			runOnlyForDeploymentPostprocessing = 0;
		};
		D45C29141D90EE45005C2B9A /* Resources */ = {
			isa = PBXResourcesBuildPhase;
			buildActionMask = 2147483647;
			files = (
			);
			runOnlyForDeploymentPostprocessing = 0;
		};
		D45C291F1D90EE45005C2B9A /* Resources */ = {
			isa = PBXResourcesBuildPhase;
			buildActionMask = 2147483647;
			files = (
			);
			runOnlyForDeploymentPostprocessing = 0;
		};
/* End PBXResourcesBuildPhase section */

/* Begin PBXSourcesBuildPhase section */
		D45C28F61D90EE45005C2B9A /* Sources */ = {
			isa = PBXSourcesBuildPhase;
			buildActionMask = 2147483647;
			files = (
				D48AEDA41E47135C0002D18F /* pinyin.c in Sources */,
				D45C29381D90EF28005C2B9A /* WiiChatSingletonClass.m in Sources */,
				D48AEDBA1E4714450002D18F /* User.m in Sources */,
				D4E229081D96A18300299CA9 /* SVRadialGradientLayer.m in Sources */,
				D45C29051D90EE45005C2B9A /* ViewController.m in Sources */,
				D45C29021D90EE45005C2B9A /* AppDelegate.m in Sources */,
				D4D2DEF11D9D3A4700BCA6F6 /* WiiChatSourceData.xcdatamodeld in Sources */,
				D4E229071D96A18300299CA9 /* SVProgressHUD.m in Sources */,
				D41C23341DAE66CC00699CE7 /* YYEAnimatorPush.m in Sources */,
				D48AEDBB1E4714450002D18F /* User+CoreDataProperties.m in Sources */,
				D49E9DE91DC3725700D709FA /* YQImageTool.m in Sources */,
				D4E229041D96A18300299CA9 /* SVIndefiniteAnimatedView.m in Sources */,
				D48AEDA71E4713C90002D18F /* ErrorInfo.m in Sources */,
				D4846BA91DAA53F500209CDB /* WCUserInfoTableViewController.m in Sources */,
				D4FF91BF1DD0A25300473CC7 /* WCContactInfoViewController.m in Sources */,
				D446449D1DC761630050433E /* UIImage+ST.m in Sources */,
				D48AEDC91E47151D0002D18F /* WCDiscoverRootTableViewController.m in Sources */,
				D44644A01DC761630050433E /* UIImagePickerController+ST.m in Sources */,
				D4FF91BC1DD097FC00473CC7 /* AddContactHelper.m in Sources */,
				D45A7DC91DA13DA6001F19A1 /* LoginHelper.m in Sources */,
				D48AEDA31E47135C0002D18F /* ChineseString.m in Sources */,
				D4B7FFD41D9556BA004D77B8 /* WCBaseNavigationController.m in Sources */,
				D4846BA01DAA217200209CDB /* WCProfileTableViewCell.m in Sources */,
				D45C29471D90F3A2005C2B9A /* WCBaseViewController.m in Sources */,
				D446449E1DC761630050433E /* UIView+ST.m in Sources */,
				D48AEDCE1E4715890002D18F /* UIBaseSettingInfo.m in Sources */,
				D4F228421DA27F47005DB421 /* WCBaseTabBarViewController.m in Sources */,
				D45C294A1D912576005C2B9A /* LoginViewController.m in Sources */,
				D48AEDB71E4714450002D18F /* AllUsers+CoreDataProperties.m in Sources */,
				D446449F1DC761630050433E /* STPhotoKitController.m in Sources */,
				D446449C1DC761630050433E /* STUI.m in Sources */,
				D45C28FF1D90EE45005C2B9A /* main.m in Sources */,
				D4F2282C1DA2762D005DB421 /* WCFetchResultControllerDataBase.m in Sources */,
				D48AEDB91E4714450002D18F /* Contact+CoreDataProperties.m in Sources */,
				D4B7FFD71D9557F2004D77B8 /* RegisterViewController.m in Sources */,
				D4D8EAA21E488E7800743378 /* WCHeadImgScrollVIew.m in Sources */,
				D4AF93C31DA9166D00675224 /* WCUIStoreManager.m in Sources */,
				D4F228241DA2728E005DB421 /* WCBaseTableViewController.m in Sources */,
				D48AEDCA1E47151D0002D18F /* WCMessageRootTableViewController.m in Sources */,
				D4C4B63E1DB106EE00F5D105 /* EditUserInfoHelper.m in Sources */,
				D4DB484A1DC9F63B002B7665 /* WCAddContactViewController.m in Sources */,
				D48AEDCB1E47151D0002D18F /* WCProfileRootTableViewController.m in Sources */,
				D4D2DEEE1D9D37F700BCA6F6 /* RegisterHelper.m in Sources */,
				D48AED9D1E4708FF0002D18F /* CountStringLengthHelper.m in Sources */,
				D48AEDC81E47151D0002D18F /* WCContactRootTableViewController.m in Sources */,
				D45C290B1D90EE45005C2B9A /* WiiChat_2_2.xcdatamodeld in Sources */,
				D47EA7061DEC40A500F949B0 /* WCContactTableViewCell.m in Sources */,
				D48AEDB81E4714450002D18F /* Contact.m in Sources */,
				D49928571DAB417500F6DD90 /* WCEditUserInfoTableViewController.m in Sources */,
				D446449B1DC761630050433E /* STConst.m in Sources */,
				D4E229051D96A18300299CA9 /* SVProgressAnimatedView.m in Sources */,
				D4E229101D96A9D800299CA9 /* SmoothCheckBox.m in Sources */,
				D49E9DE81DC3725700D709FA /* YQImageCompressTool.m in Sources */,
				D48AEDB61E4714450002D18F /* AllUsers.m in Sources */,
				D48AEDBF1E47148F0002D18F /* WiiChatCoreDataStackManager.m in Sources */,
				D4F270211DDDD12B00330662 /* WCSearchResultTableController.m in Sources */,
				D48AEDBC1E4714450002D18F /* UserSource.m in Sources */,
			);
			runOnlyForDeploymentPostprocessing = 0;
		};
		D45C29121D90EE45005C2B9A /* Sources */ = {
			isa = PBXSourcesBuildPhase;
			buildActionMask = 2147483647;
			files = (
				D45C291B1D90EE45005C2B9A /* WiiChat_2_2Tests.m in Sources */,
			);
			runOnlyForDeploymentPostprocessing = 0;
		};
		D45C291D1D90EE45005C2B9A /* Sources */ = {
			isa = PBXSourcesBuildPhase;
			buildActionMask = 2147483647;
			files = (
				D45C29261D90EE45005C2B9A /* WiiChat_2_2UITests.m in Sources */,
			);
			runOnlyForDeploymentPostprocessing = 0;
		};
/* End PBXSourcesBuildPhase section */

/* Begin PBXTargetDependency section */
		D45C29181D90EE45005C2B9A /* PBXTargetDependency */ = {
			isa = PBXTargetDependency;
			target = D45C28F91D90EE45005C2B9A /* WiiChat_2_2 */;
			targetProxy = D45C29171D90EE45005C2B9A /* PBXContainerItemProxy */;
		};
		D45C29231D90EE45005C2B9A /* PBXTargetDependency */ = {
			isa = PBXTargetDependency;
			target = D45C28F91D90EE45005C2B9A /* WiiChat_2_2 */;
			targetProxy = D45C29221D90EE45005C2B9A /* PBXContainerItemProxy */;
		};
/* End PBXTargetDependency section */

/* Begin PBXVariantGroup section */
		D45C29061D90EE45005C2B9A /* Main.storyboard */ = {
			isa = PBXVariantGroup;
			children = (
				D45C29071D90EE45005C2B9A /* Base */,
			);
			name = Main.storyboard;
			sourceTree = "<group>";
		};
		D45C290E1D90EE45005C2B9A /* LaunchScreen.storyboard */ = {
			isa = PBXVariantGroup;
			children = (
				D45C290F1D90EE45005C2B9A /* Base */,
			);
			name = LaunchScreen.storyboard;
			sourceTree = "<group>";
		};
/* End PBXVariantGroup section */

/* Begin XCBuildConfiguration section */
		D45C29281D90EE45005C2B9A /* Debug */ = {
			isa = XCBuildConfiguration;
			buildSettings = {
				ALWAYS_SEARCH_USER_PATHS = NO;
				CLANG_ANALYZER_NONNULL = YES;
				CLANG_CXX_LANGUAGE_STANDARD = "gnu++0x";
				CLANG_CXX_LIBRARY = "libc++";
				CLANG_ENABLE_MODULES = YES;
				CLANG_ENABLE_OBJC_ARC = YES;
				CLANG_WARN_BOOL_CONVERSION = YES;
				CLANG_WARN_CONSTANT_CONVERSION = YES;
				CLANG_WARN_DIRECT_OBJC_ISA_USAGE = YES_ERROR;
				CLANG_WARN_DOCUMENTATION_COMMENTS = YES;
				CLANG_WARN_EMPTY_BODY = YES;
				CLANG_WARN_ENUM_CONVERSION = YES;
				CLANG_WARN_INFINITE_RECURSION = YES;
				CLANG_WARN_INT_CONVERSION = YES;
				CLANG_WARN_OBJC_ROOT_CLASS = YES_ERROR;
				CLANG_WARN_SUSPICIOUS_MOVE = YES;
				CLANG_WARN_SUSPICIOUS_MOVES = YES;
				CLANG_WARN_UNREACHABLE_CODE = YES;
				CLANG_WARN__DUPLICATE_METHOD_MATCH = YES;
				"CODE_SIGN_IDENTITY[sdk=iphoneos*]" = "iPhone Developer";
				COPY_PHASE_STRIP = NO;
				DEBUG_INFORMATION_FORMAT = dwarf;
				ENABLE_STRICT_OBJC_MSGSEND = YES;
				ENABLE_TESTABILITY = YES;
				GCC_C_LANGUAGE_STANDARD = gnu99;
				GCC_DYNAMIC_NO_PIC = NO;
				GCC_NO_COMMON_BLOCKS = YES;
				GCC_OPTIMIZATION_LEVEL = 0;
				GCC_PREFIX_HEADER = "$(SRCROOT)/WiiChat_2_2/Wiichat_iOS-Prefix.pch";
				GCC_PREPROCESSOR_DEFINITIONS = (
					"DEBUG=1",
					"$(inherited)",
				);
				GCC_WARN_64_TO_32_BIT_CONVERSION = YES;
				GCC_WARN_ABOUT_RETURN_TYPE = YES_ERROR;
				GCC_WARN_UNDECLARED_SELECTOR = YES;
				GCC_WARN_UNINITIALIZED_AUTOS = YES_AGGRESSIVE;
				GCC_WARN_UNUSED_FUNCTION = YES;
				GCC_WARN_UNUSED_VARIABLE = YES;
				IPHONEOS_DEPLOYMENT_TARGET = 10.0;
				MTL_ENABLE_DEBUG_INFO = YES;
				ONLY_ACTIVE_ARCH = YES;
				SDKROOT = iphoneos;
			};
			name = Debug;
		};
		D45C29291D90EE45005C2B9A /* Release */ = {
			isa = XCBuildConfiguration;
			buildSettings = {
				ALWAYS_SEARCH_USER_PATHS = NO;
				CLANG_ANALYZER_NONNULL = YES;
				CLANG_CXX_LANGUAGE_STANDARD = "gnu++0x";
				CLANG_CXX_LIBRARY = "libc++";
				CLANG_ENABLE_MODULES = YES;
				CLANG_ENABLE_OBJC_ARC = YES;
				CLANG_WARN_BOOL_CONVERSION = YES;
				CLANG_WARN_CONSTANT_CONVERSION = YES;
				CLANG_WARN_DIRECT_OBJC_ISA_USAGE = YES_ERROR;
				CLANG_WARN_DOCUMENTATION_COMMENTS = YES;
				CLANG_WARN_EMPTY_BODY = YES;
				CLANG_WARN_ENUM_CONVERSION = YES;
				CLANG_WARN_INFINITE_RECURSION = YES;
				CLANG_WARN_INT_CONVERSION = YES;
				CLANG_WARN_OBJC_ROOT_CLASS = YES_ERROR;
				CLANG_WARN_SUSPICIOUS_MOVE = YES;
				CLANG_WARN_SUSPICIOUS_MOVES = YES;
				CLANG_WARN_UNREACHABLE_CODE = YES;
				CLANG_WARN__DUPLICATE_METHOD_MATCH = YES;
				"CODE_SIGN_IDENTITY[sdk=iphoneos*]" = "iPhone Developer";
				COPY_PHASE_STRIP = NO;
				DEBUG_INFORMATION_FORMAT = "dwarf-with-dsym";
				ENABLE_NS_ASSERTIONS = NO;
				ENABLE_STRICT_OBJC_MSGSEND = YES;
				GCC_C_LANGUAGE_STANDARD = gnu99;
				GCC_NO_COMMON_BLOCKS = YES;
				GCC_PREFIX_HEADER = "$(SRCROOT)/WiiChat_2_2/Wiichat_iOS-Prefix.pch";
				GCC_WARN_64_TO_32_BIT_CONVERSION = YES;
				GCC_WARN_ABOUT_RETURN_TYPE = YES_ERROR;
				GCC_WARN_UNDECLARED_SELECTOR = YES;
				GCC_WARN_UNINITIALIZED_AUTOS = YES_AGGRESSIVE;
				GCC_WARN_UNUSED_FUNCTION = YES;
				GCC_WARN_UNUSED_VARIABLE = YES;
				IPHONEOS_DEPLOYMENT_TARGET = 10.0;
				MTL_ENABLE_DEBUG_INFO = NO;
				SDKROOT = iphoneos;
				VALIDATE_PRODUCT = YES;
			};
			name = Release;
		};
		D45C292B1D90EE45005C2B9A /* Debug */ = {
			isa = XCBuildConfiguration;
			buildSettings = {
				ASSETCATALOG_COMPILER_APPICON_NAME = AppIcon;
				CLANG_ENABLE_MODULES = YES;
				INFOPLIST_FILE = WiiChat_2_2/Info.plist;
				LD_RUNPATH_SEARCH_PATHS = "$(inherited) @executable_path/Frameworks";
				ONLY_ACTIVE_ARCH = YES;
				PRODUCT_BUNDLE_IDENTIFIER = "test.WiiChat-2-2";
				PRODUCT_NAME = "$(TARGET_NAME)";
				SWIFT_OPTIMIZATION_LEVEL = "-Onone";
				SWIFT_VERSION = 3.0;
			};
			name = Debug;
		};
		D45C292C1D90EE45005C2B9A /* Release */ = {
			isa = XCBuildConfiguration;
			buildSettings = {
				ASSETCATALOG_COMPILER_APPICON_NAME = AppIcon;
				CLANG_ENABLE_MODULES = YES;
				INFOPLIST_FILE = WiiChat_2_2/Info.plist;
				LD_RUNPATH_SEARCH_PATHS = "$(inherited) @executable_path/Frameworks";
				ONLY_ACTIVE_ARCH = YES;
				PRODUCT_BUNDLE_IDENTIFIER = "test.WiiChat-2-2";
				PRODUCT_NAME = "$(TARGET_NAME)";
				SWIFT_VERSION = 3.0;
			};
			name = Release;
		};
		D45C292E1D90EE45005C2B9A /* Debug */ = {
			isa = XCBuildConfiguration;
			buildSettings = {
				BUNDLE_LOADER = "$(TEST_HOST)";
				INFOPLIST_FILE = WiiChat_2_2Tests/Info.plist;
				LD_RUNPATH_SEARCH_PATHS = "$(inherited) @executable_path/Frameworks @loader_path/Frameworks";
				PRODUCT_BUNDLE_IDENTIFIER = "test.WiiChat-2-2Tests";
				PRODUCT_NAME = "$(TARGET_NAME)";
				TEST_HOST = "$(BUILT_PRODUCTS_DIR)/WiiChat_2_2.app/WiiChat_2_2";
			};
			name = Debug;
		};
		D45C292F1D90EE45005C2B9A /* Release */ = {
			isa = XCBuildConfiguration;
			buildSettings = {
				BUNDLE_LOADER = "$(TEST_HOST)";
				INFOPLIST_FILE = WiiChat_2_2Tests/Info.plist;
				LD_RUNPATH_SEARCH_PATHS = "$(inherited) @executable_path/Frameworks @loader_path/Frameworks";
				PRODUCT_BUNDLE_IDENTIFIER = "test.WiiChat-2-2Tests";
				PRODUCT_NAME = "$(TARGET_NAME)";
				TEST_HOST = "$(BUILT_PRODUCTS_DIR)/WiiChat_2_2.app/WiiChat_2_2";
			};
			name = Release;
		};
		D45C29311D90EE45005C2B9A /* Debug */ = {
			isa = XCBuildConfiguration;
			buildSettings = {
				INFOPLIST_FILE = WiiChat_2_2UITests/Info.plist;
				LD_RUNPATH_SEARCH_PATHS = "$(inherited) @executable_path/Frameworks @loader_path/Frameworks";
				PRODUCT_BUNDLE_IDENTIFIER = "test.WiiChat-2-2UITests";
				PRODUCT_NAME = "$(TARGET_NAME)";
				TEST_TARGET_NAME = WiiChat_2_2;
			};
			name = Debug;
		};
		D45C29321D90EE45005C2B9A /* Release */ = {
			isa = XCBuildConfiguration;
			buildSettings = {
				INFOPLIST_FILE = WiiChat_2_2UITests/Info.plist;
				LD_RUNPATH_SEARCH_PATHS = "$(inherited) @executable_path/Frameworks @loader_path/Frameworks";
				PRODUCT_BUNDLE_IDENTIFIER = "test.WiiChat-2-2UITests";
				PRODUCT_NAME = "$(TARGET_NAME)";
				TEST_TARGET_NAME = WiiChat_2_2;
			};
			name = Release;
		};
/* End XCBuildConfiguration section */

/* Begin XCConfigurationList section */
		D45C28F51D90EE45005C2B9A /* Build configuration list for PBXProject "WiiChat_2_2" */ = {
			isa = XCConfigurationList;
			buildConfigurations = (
				D45C29281D90EE45005C2B9A /* Debug */,
				D45C29291D90EE45005C2B9A /* Release */,
			);
			defaultConfigurationIsVisible = 0;
			defaultConfigurationName = Release;
		};
		D45C292A1D90EE45005C2B9A /* Build configuration list for PBXNativeTarget "WiiChat_2_2" */ = {
			isa = XCConfigurationList;
			buildConfigurations = (
				D45C292B1D90EE45005C2B9A /* Debug */,
				D45C292C1D90EE45005C2B9A /* Release */,
			);
			defaultConfigurationIsVisible = 0;
			defaultConfigurationName = Release;
		};
		D45C292D1D90EE45005C2B9A /* Build configuration list for PBXNativeTarget "WiiChat_2_2Tests" */ = {
			isa = XCConfigurationList;
			buildConfigurations = (
				D45C292E1D90EE45005C2B9A /* Debug */,
				D45C292F1D90EE45005C2B9A /* Release */,
			);
			defaultConfigurationIsVisible = 0;
			defaultConfigurationName = Release;
		};
		D45C29301D90EE45005C2B9A /* Build configuration list for PBXNativeTarget "WiiChat_2_2UITests" */ = {
			isa = XCConfigurationList;
			buildConfigurations = (
				D45C29311D90EE45005C2B9A /* Debug */,
				D45C29321D90EE45005C2B9A /* Release */,
			);
			defaultConfigurationIsVisible = 0;
			defaultConfigurationName = Release;
		};
/* End XCConfigurationList section */

/* Begin XCVersionGroup section */
		D45C29091D90EE45005C2B9A /* WiiChat_2_2.xcdatamodeld */ = {
			isa = XCVersionGroup;
			children = (
				D45C290A1D90EE45005C2B9A /* WiiChat_2_2.xcdatamodel */,
			);
			currentVersion = D45C290A1D90EE45005C2B9A /* WiiChat_2_2.xcdatamodel */;
			path = WiiChat_2_2.xcdatamodeld;
			sourceTree = "<group>";
			versionGroupType = wrapper.xcdatamodel;
		};
		D4D2DEEF1D9D3A4700BCA6F6 /* WiiChatSourceData.xcdatamodeld */ = {
			isa = XCVersionGroup;
			children = (
				D4D2DEF01D9D3A4700BCA6F6 /* WiiChatSourceData.xcdatamodel */,
			);
			currentVersion = D4D2DEF01D9D3A4700BCA6F6 /* WiiChatSourceData.xcdatamodel */;
			path = WiiChatSourceData.xcdatamodeld;
			sourceTree = "<group>";
			versionGroupType = wrapper.xcdatamodel;
		};
/* End XCVersionGroup section */
	};
	rootObject = D45C28F21D90EE45005C2B9A /* Project object */;
}
